// !$*UTF8*$!
{
	archiveVersion = 1;
	classes = {
	};
	objectVersion = 50;
	objects = {

/* Begin PBXBuildFile section */
		434E661C241976BD00D91E59 /* AppBarViewController.swift in Sources */ = {isa = PBXBuildFile; fileRef = 434E661B241976BD00D91E59 /* AppBarViewController.swift */; };
		437CFD4F241059B8008CEA37 /* DividerViewController.swift in Sources */ = {isa = PBXBuildFile; fileRef = 437CFD4E241059B8008CEA37 /* DividerViewController.swift */; };
		64C9173323FC9EDE0040E714 /* TabItemViewController.swift in Sources */ = {isa = PBXBuildFile; fileRef = 64C9173223FC9EDE0040E714 /* TabItemViewController.swift */; };
		64D84FD123F5FC7D004DD910 /* ValueTextHighlightItemViewController.swift in Sources */ = {isa = PBXBuildFile; fileRef = 64D84FD023F5FC7D004DD910 /* ValueTextHighlightItemViewController.swift */; };
		64D84FD423F600C5004DD910 /* TextFieldItemViewController.swift in Sources */ = {isa = PBXBuildFile; fileRef = 64D84FD323F600C5004DD910 /* TextFieldItemViewController.swift */; };
		64FAAC7723FB5B880085F7C8 /* ColorHeaderCollectionViewCell.swift in Sources */ = {isa = PBXBuildFile; fileRef = 64FAAC7623FB5B880085F7C8 /* ColorHeaderCollectionViewCell.swift */; };
		8427A29B244894A000CF30D5 /* ThemesColorsViewController.swift in Sources */ = {isa = PBXBuildFile; fileRef = 8427A29A244894A000CF30D5 /* ThemesColorsViewController.swift */; };
		8427A3312457AFEF00CF30D5 /* ChooseBrandViewController.swift in Sources */ = {isa = PBXBuildFile; fileRef = 8427A3302457AFEE00CF30D5 /* ChooseBrandViewController.swift */; };
		A904ECBA23D607D800709B43 /* ComponentsSection.swift in Sources */ = {isa = PBXBuildFile; fileRef = A904ECB923D607D800709B43 /* ComponentsSection.swift */; };
		A904ECBC23D6088600709B43 /* ButtonsItemViewController.swift in Sources */ = {isa = PBXBuildFile; fileRef = A904ECBB23D6088600709B43 /* ButtonsItemViewController.swift */; };
		A904ECC023D760C400709B43 /* DesignSection.swift in Sources */ = {isa = PBXBuildFile; fileRef = A904ECBF23D760C400709B43 /* DesignSection.swift */; };
		A904ECC323D761BE00709B43 /* IconographyItemViewController.swift in Sources */ = {isa = PBXBuildFile; fileRef = A904ECC223D761BE00709B43 /* IconographyItemViewController.swift */; };
		A904ECC623D7628000709B43 /* IconCollectioViewCell.swift in Sources */ = {isa = PBXBuildFile; fileRef = A904ECC523D7628000709B43 /* IconCollectioViewCell.swift */; };
		A97328BD23CFA2F500ADC5C2 /* MainDataSource.swift in Sources */ = {isa = PBXBuildFile; fileRef = A97328BC23CFA2F500ADC5C2 /* MainDataSource.swift */; };
		A97328BF23CFA32900ADC5C2 /* SampleSection.swift in Sources */ = {isa = PBXBuildFile; fileRef = A97328BE23CFA32900ADC5C2 /* SampleSection.swift */; };
		A97328C123CFA33800ADC5C2 /* SampleItem.swift in Sources */ = {isa = PBXBuildFile; fileRef = A97328C023CFA33800ADC5C2 /* SampleItem.swift */; };
		A97328C323CFA35800ADC5C2 /* MainViewController.swift in Sources */ = {isa = PBXBuildFile; fileRef = A97328C223CFA35800ADC5C2 /* MainViewController.swift */; };
		A97328C823CFA3DC00ADC5C2 /* ColorsItemViewController.swift in Sources */ = {isa = PBXBuildFile; fileRef = A97328C723CFA3DC00ADC5C2 /* ColorsItemViewController.swift */; };
		A9B8A4DA23D0FCD50055E8A3 /* ColorCollectionViewCell.swift in Sources */ = {isa = PBXBuildFile; fileRef = A9B8A4D923D0FCD50055E8A3 /* ColorCollectionViewCell.swift */; };
		A9D71BC22386DFEE00CDEC1D /* AppDelegate.swift in Sources */ = {isa = PBXBuildFile; fileRef = A9D71BC12386DFEE00CDEC1D /* AppDelegate.swift */; };
		A9D71BC62386DFEE00CDEC1D /* NavigationDrawerItemViewController.swift in Sources */ = {isa = PBXBuildFile; fileRef = A9D71BC52386DFEE00CDEC1D /* NavigationDrawerItemViewController.swift */; };
		A9D71BCB2386DFF200CDEC1D /* Assets.xcassets in Resources */ = {isa = PBXBuildFile; fileRef = A9D71BCA2386DFF200CDEC1D /* Assets.xcassets */; };
		A9D71BCE2386DFF200CDEC1D /* LaunchScreen.storyboard in Resources */ = {isa = PBXBuildFile; fileRef = A9D71BCC2386DFF200CDEC1D /* LaunchScreen.storyboard */; };
		A9D71BD72386E12600CDEC1D /* NatDS.framework in Frameworks */ = {isa = PBXBuildFile; fileRef = A9D71BD62386E12600CDEC1D /* NatDS.framework */; };
		A9D71BD82386E12600CDEC1D /* NatDS.framework in Embed Frameworks */ = {isa = PBXBuildFile; fileRef = A9D71BD62386E12600CDEC1D /* NatDS.framework */; settings = {ATTRIBUTES = (RemoveHeadersOnCopy, ); }; };
/* End PBXBuildFile section */

/* Begin PBXCopyFilesBuildPhase section */
		A9D71BD92386E12600CDEC1D /* Embed Frameworks */ = {
			isa = PBXCopyFilesBuildPhase;
			buildActionMask = 2147483647;
			dstPath = "";
			dstSubfolderSpec = 10;
			files = (
				A9D71BD82386E12600CDEC1D /* NatDS.framework in Embed Frameworks */,
			);
			name = "Embed Frameworks";
			runOnlyForDeploymentPostprocessing = 0;
		};
/* End PBXCopyFilesBuildPhase section */

/* Begin PBXFileReference section */
		434E661B241976BD00D91E59 /* AppBarViewController.swift */ = {isa = PBXFileReference; lastKnownFileType = sourcecode.swift; path = AppBarViewController.swift; sourceTree = "<group>"; };
		437CFD4E241059B8008CEA37 /* DividerViewController.swift */ = {isa = PBXFileReference; lastKnownFileType = sourcecode.swift; path = DividerViewController.swift; sourceTree = "<group>"; };
		64C9173223FC9EDE0040E714 /* TabItemViewController.swift */ = {isa = PBXFileReference; lastKnownFileType = sourcecode.swift; path = TabItemViewController.swift; sourceTree = "<group>"; };
		64D84FD023F5FC7D004DD910 /* ValueTextHighlightItemViewController.swift */ = {isa = PBXFileReference; lastKnownFileType = sourcecode.swift; path = ValueTextHighlightItemViewController.swift; sourceTree = "<group>"; };
		64D84FD323F600C5004DD910 /* TextFieldItemViewController.swift */ = {isa = PBXFileReference; lastKnownFileType = sourcecode.swift; path = TextFieldItemViewController.swift; sourceTree = "<group>"; };
		64FAAC7623FB5B880085F7C8 /* ColorHeaderCollectionViewCell.swift */ = {isa = PBXFileReference; lastKnownFileType = sourcecode.swift; path = ColorHeaderCollectionViewCell.swift; sourceTree = "<group>"; };
		8427A29A244894A000CF30D5 /* ThemesColorsViewController.swift */ = {isa = PBXFileReference; lastKnownFileType = sourcecode.swift; path = ThemesColorsViewController.swift; sourceTree = "<group>"; };
		8427A3302457AFEE00CF30D5 /* ChooseBrandViewController.swift */ = {isa = PBXFileReference; lastKnownFileType = sourcecode.swift; path = ChooseBrandViewController.swift; sourceTree = "<group>"; };
		A904ECB923D607D800709B43 /* ComponentsSection.swift */ = {isa = PBXFileReference; lastKnownFileType = sourcecode.swift; path = ComponentsSection.swift; sourceTree = "<group>"; };
		A904ECBB23D6088600709B43 /* ButtonsItemViewController.swift */ = {isa = PBXFileReference; lastKnownFileType = sourcecode.swift; path = ButtonsItemViewController.swift; sourceTree = "<group>"; };
		A904ECBF23D760C400709B43 /* DesignSection.swift */ = {isa = PBXFileReference; lastKnownFileType = sourcecode.swift; path = DesignSection.swift; sourceTree = "<group>"; };
		A904ECC223D761BE00709B43 /* IconographyItemViewController.swift */ = {isa = PBXFileReference; lastKnownFileType = sourcecode.swift; path = IconographyItemViewController.swift; sourceTree = "<group>"; };
		A904ECC523D7628000709B43 /* IconCollectioViewCell.swift */ = {isa = PBXFileReference; lastKnownFileType = sourcecode.swift; path = IconCollectioViewCell.swift; sourceTree = "<group>"; };
		A97328BC23CFA2F500ADC5C2 /* MainDataSource.swift */ = {isa = PBXFileReference; lastKnownFileType = sourcecode.swift; path = MainDataSource.swift; sourceTree = "<group>"; };
		A97328BE23CFA32900ADC5C2 /* SampleSection.swift */ = {isa = PBXFileReference; lastKnownFileType = sourcecode.swift; path = SampleSection.swift; sourceTree = "<group>"; };
		A97328C023CFA33800ADC5C2 /* SampleItem.swift */ = {isa = PBXFileReference; lastKnownFileType = sourcecode.swift; path = SampleItem.swift; sourceTree = "<group>"; };
		A97328C223CFA35800ADC5C2 /* MainViewController.swift */ = {isa = PBXFileReference; lastKnownFileType = sourcecode.swift; path = MainViewController.swift; sourceTree = "<group>"; };
		A97328C723CFA3DC00ADC5C2 /* ColorsItemViewController.swift */ = {isa = PBXFileReference; lastKnownFileType = sourcecode.swift; path = ColorsItemViewController.swift; sourceTree = "<group>"; };
		A9B8A4D923D0FCD50055E8A3 /* ColorCollectionViewCell.swift */ = {isa = PBXFileReference; lastKnownFileType = sourcecode.swift; path = ColorCollectionViewCell.swift; sourceTree = "<group>"; };
		A9D71BBE2386DFEE00CDEC1D /* NatDS-SampleApp.app */ = {isa = PBXFileReference; explicitFileType = wrapper.application; includeInIndex = 0; path = "NatDS-SampleApp.app"; sourceTree = BUILT_PRODUCTS_DIR; };
		A9D71BC12386DFEE00CDEC1D /* AppDelegate.swift */ = {isa = PBXFileReference; lastKnownFileType = sourcecode.swift; path = AppDelegate.swift; sourceTree = "<group>"; };
		A9D71BC52386DFEE00CDEC1D /* NavigationDrawerItemViewController.swift */ = {isa = PBXFileReference; lastKnownFileType = sourcecode.swift; path = NavigationDrawerItemViewController.swift; sourceTree = "<group>"; };
		A9D71BCA2386DFF200CDEC1D /* Assets.xcassets */ = {isa = PBXFileReference; lastKnownFileType = folder.assetcatalog; path = Assets.xcassets; sourceTree = "<group>"; };
		A9D71BCD2386DFF200CDEC1D /* Base */ = {isa = PBXFileReference; lastKnownFileType = file.storyboard; name = Base; path = Base.lproj/LaunchScreen.storyboard; sourceTree = "<group>"; };
		A9D71BCF2386DFF200CDEC1D /* Info.plist */ = {isa = PBXFileReference; lastKnownFileType = text.plist.xml; path = Info.plist; sourceTree = "<group>"; };
		A9D71BD62386E12600CDEC1D /* NatDS.framework */ = {isa = PBXFileReference; explicitFileType = wrapper.framework; path = NatDS.framework; sourceTree = BUILT_PRODUCTS_DIR; };
/* End PBXFileReference section */

/* Begin PBXFrameworksBuildPhase section */
		A9D71BBB2386DFEE00CDEC1D /* Frameworks */ = {
			isa = PBXFrameworksBuildPhase;
			buildActionMask = 2147483647;
			files = (
				A9D71BD72386E12600CDEC1D /* NatDS.framework in Frameworks */,
			);
			runOnlyForDeploymentPostprocessing = 0;
		};
/* End PBXFrameworksBuildPhase section */

/* Begin PBXGroup section */
		434E661A241976A300D91E59 /* Bar */ = {
			isa = PBXGroup;
			children = (
				434E661B241976BD00D91E59 /* AppBarViewController.swift */,
			);
			path = Bar;
			sourceTree = "<group>";
		};
		437CFD4D2410598D008CEA37 /* Divider */ = {
			isa = PBXGroup;
			children = (
				437CFD4E241059B8008CEA37 /* DividerViewController.swift */,
			);
			path = Divider;
			sourceTree = "<group>";
		};
		64C9173123FC9EBC0040E714 /* Tab */ = {
			isa = PBXGroup;
			children = (
				64C9173223FC9EDE0040E714 /* TabItemViewController.swift */,
			);
			path = Tab;
			sourceTree = "<group>";
		};
		64D84FCF23F5FC62004DD910 /* ValueText */ = {
			isa = PBXGroup;
			children = (
				64D84FD023F5FC7D004DD910 /* ValueTextHighlightItemViewController.swift */,
			);
			path = ValueText;
			sourceTree = "<group>";
		};
		64D84FD223F600B4004DD910 /* Field */ = {
			isa = PBXGroup;
			children = (
				64D84FD323F600C5004DD910 /* TextFieldItemViewController.swift */,
			);
			path = Field;
			sourceTree = "<group>";
		};
		8427A2B1244F745D00CF30D5 /* ThemesColors */ = {
			isa = PBXGroup;
			children = (
				8427A29A244894A000CF30D5 /* ThemesColorsViewController.swift */,
			);
			path = ThemesColors;
			sourceTree = "<group>";
		};
		A904ECB823D607BD00709B43 /* Button */ = {
			isa = PBXGroup;
			children = (
				A904ECBB23D6088600709B43 /* ButtonsItemViewController.swift */,
			);
			path = Button;
			sourceTree = "<group>";
		};
		A904ECBD23D75F8000709B43 /* Components */ = {
			isa = PBXGroup;
			children = (
				A904ECB923D607D800709B43 /* ComponentsSection.swift */,
				434E661A241976A300D91E59 /* Bar */,
				437CFD4D2410598D008CEA37 /* Divider */,
				64C9173123FC9EBC0040E714 /* Tab */,
				64D84FD223F600B4004DD910 /* Field */,
				64D84FCF23F5FC62004DD910 /* ValueText */,
				A904ECB823D607BD00709B43 /* Button */,
				A904ECC123D7619B00709B43 /* Iconography */,
				A97328C623CFA3B600ADC5C2 /* NavigationDrawer */,
			);
			path = Components;
			sourceTree = "<group>";
		};
		A904ECBE23D75FF500709B43 /* Design */ = {
			isa = PBXGroup;
			children = (
				A904ECBF23D760C400709B43 /* DesignSection.swift */,
				A97328C523CFA3A400ADC5C2 /* Colors */,
			);
			path = Design;
			sourceTree = "<group>";
		};
		A904ECC123D7619B00709B43 /* Iconography */ = {
			isa = PBXGroup;
			children = (
				A904ECC423D761D300709B43 /* Helper */,
				A904ECC223D761BE00709B43 /* IconographyItemViewController.swift */,
			);
			path = Iconography;
			sourceTree = "<group>";
		};
		A904ECC423D761D300709B43 /* Helper */ = {
			isa = PBXGroup;
			children = (
				A904ECC523D7628000709B43 /* IconCollectioViewCell.swift */,
			);
			path = Helper;
			sourceTree = "<group>";
		};
		A97328C423CFA39600ADC5C2 /* Sample */ = {
			isa = PBXGroup;
			children = (
				A904ECBD23D75F8000709B43 /* Components */,
				A904ECBE23D75FF500709B43 /* Design */,
				A97328C023CFA33800ADC5C2 /* SampleItem.swift */,
				A97328BE23CFA32900ADC5C2 /* SampleSection.swift */,
			);
			path = Sample;
			sourceTree = "<group>";
		};
		A97328C523CFA3A400ADC5C2 /* Colors */ = {
			isa = PBXGroup;
			children = (
				8427A2B1244F745D00CF30D5 /* ThemesColors */,
				A9B8A4DB23D0FD680055E8A3 /* Cell */,
				A97328C723CFA3DC00ADC5C2 /* ColorsItemViewController.swift */,
			);
			path = Colors;
			sourceTree = "<group>";
		};
		A97328C623CFA3B600ADC5C2 /* NavigationDrawer */ = {
			isa = PBXGroup;
			children = (
				A9D71BC52386DFEE00CDEC1D /* NavigationDrawerItemViewController.swift */,
			);
			path = NavigationDrawer;
			sourceTree = "<group>";
		};
		A9B8A4DB23D0FD680055E8A3 /* Cell */ = {
			isa = PBXGroup;
			children = (
				A9B8A4D923D0FCD50055E8A3 /* ColorCollectionViewCell.swift */,
				64FAAC7623FB5B880085F7C8 /* ColorHeaderCollectionViewCell.swift */,
			);
			path = Cell;
			sourceTree = "<group>";
		};
		A9D71BB52386DFEE00CDEC1D = {
			isa = PBXGroup;
			children = (
				A9D71BC02386DFEE00CDEC1D /* Sources */,
				A9D71BBF2386DFEE00CDEC1D /* Products */,
				A9D71BD52386E12600CDEC1D /* Frameworks */,
			);
			sourceTree = "<group>";
		};
		A9D71BBF2386DFEE00CDEC1D /* Products */ = {
			isa = PBXGroup;
			children = (
				A9D71BBE2386DFEE00CDEC1D /* NatDS-SampleApp.app */,
			);
			name = Products;
			sourceTree = "<group>";
		};
		A9D71BC02386DFEE00CDEC1D /* Sources */ = {
			isa = PBXGroup;
			children = (
				A9D71BC12386DFEE00CDEC1D /* AppDelegate.swift */,
				A97328BC23CFA2F500ADC5C2 /* MainDataSource.swift */,
				A97328C223CFA35800ADC5C2 /* MainViewController.swift */,
				A97328C423CFA39600ADC5C2 /* Sample */,
				A9D71BDA2386F53400CDEC1D /* Supporting Files */,
				8427A3302457AFEE00CF30D5 /* ChooseBrandViewController.swift */,
			);
			path = Sources;
			sourceTree = "<group>";
		};
		A9D71BD52386E12600CDEC1D /* Frameworks */ = {
			isa = PBXGroup;
			children = (
				A9D71BD62386E12600CDEC1D /* NatDS.framework */,
			);
			name = Frameworks;
			sourceTree = "<group>";
		};
		A9D71BDA2386F53400CDEC1D /* Supporting Files */ = {
			isa = PBXGroup;
			children = (
				A9D71BCF2386DFF200CDEC1D /* Info.plist */,
				A9D71BCA2386DFF200CDEC1D /* Assets.xcassets */,
				A9D71BCC2386DFF200CDEC1D /* LaunchScreen.storyboard */,
			);
			path = "Supporting Files";
			sourceTree = "<group>";
		};
/* End PBXGroup section */

/* Begin PBXNativeTarget section */
		A9D71BBD2386DFEE00CDEC1D /* NatDS-SampleApp */ = {
			isa = PBXNativeTarget;
			buildConfigurationList = A9D71BD22386DFF200CDEC1D /* Build configuration list for PBXNativeTarget "NatDS-SampleApp" */;
			buildPhases = (
				A9D71BBA2386DFEE00CDEC1D /* Sources */,
				A9D71BBB2386DFEE00CDEC1D /* Frameworks */,
				A9D71BBC2386DFEE00CDEC1D /* Resources */,
				A9D71BD92386E12600CDEC1D /* Embed Frameworks */,
			);
			buildRules = (
			);
			dependencies = (
			);
			name = "NatDS-SampleApp";
			productName = "NatDS-SampleApp";
			productReference = A9D71BBE2386DFEE00CDEC1D /* NatDS-SampleApp.app */;
			productType = "com.apple.product-type.application";
		};
/* End PBXNativeTarget section */

/* Begin PBXProject section */
		A9D71BB62386DFEE00CDEC1D /* Project object */ = {
			isa = PBXProject;
			attributes = {
				LastSwiftUpdateCheck = 1110;
				LastUpgradeCheck = 1130;
				ORGANIZATIONNAME = Natura;
				TargetAttributes = {
					A9D71BBD2386DFEE00CDEC1D = {
						CreatedOnToolsVersion = 11.1;
					};
				};
			};
			buildConfigurationList = A9D71BB92386DFEE00CDEC1D /* Build configuration list for PBXProject "NatDS-SampleApp" */;
			compatibilityVersion = "Xcode 9.3";
			developmentRegion = en;
			hasScannedForEncodings = 0;
			knownRegions = (
				en,
				Base,
			);
			mainGroup = A9D71BB52386DFEE00CDEC1D;
			productRefGroup = A9D71BBF2386DFEE00CDEC1D /* Products */;
			projectDirPath = "";
			projectRoot = "";
			targets = (
				A9D71BBD2386DFEE00CDEC1D /* NatDS-SampleApp */,
			);
		};
/* End PBXProject section */

/* Begin PBXResourcesBuildPhase section */
		A9D71BBC2386DFEE00CDEC1D /* Resources */ = {
			isa = PBXResourcesBuildPhase;
			buildActionMask = 2147483647;
			files = (
				A9D71BCE2386DFF200CDEC1D /* LaunchScreen.storyboard in Resources */,
				A9D71BCB2386DFF200CDEC1D /* Assets.xcassets in Resources */,
			);
			runOnlyForDeploymentPostprocessing = 0;
		};
/* End PBXResourcesBuildPhase section */

/* Begin PBXSourcesBuildPhase section */
		A9D71BBA2386DFEE00CDEC1D /* Sources */ = {
			isa = PBXSourcesBuildPhase;
			buildActionMask = 2147483647;
			files = (
				64D84FD423F600C5004DD910 /* TextFieldItemViewController.swift in Sources */,
				64D84FD123F5FC7D004DD910 /* ValueTextHighlightItemViewController.swift in Sources */,
				A904ECC623D7628000709B43 /* IconCollectioViewCell.swift in Sources */,
				A9D71BC62386DFEE00CDEC1D /* NavigationDrawerItemViewController.swift in Sources */,
				434E661C241976BD00D91E59 /* AppBarViewController.swift in Sources */,
				A904ECBC23D6088600709B43 /* ButtonsItemViewController.swift in Sources */,
				64FAAC7723FB5B880085F7C8 /* ColorHeaderCollectionViewCell.swift in Sources */,
				A904ECBA23D607D800709B43 /* ComponentsSection.swift in Sources */,
				A97328BF23CFA32900ADC5C2 /* SampleSection.swift in Sources */,
				A904ECC023D760C400709B43 /* DesignSection.swift in Sources */,
				A9D71BC22386DFEE00CDEC1D /* AppDelegate.swift in Sources */,
				A904ECC323D761BE00709B43 /* IconographyItemViewController.swift in Sources */,
				8427A29B244894A000CF30D5 /* ThemesColorsViewController.swift in Sources */,
				64C9173323FC9EDE0040E714 /* TabItemViewController.swift in Sources */,
				437CFD4F241059B8008CEA37 /* DividerViewController.swift in Sources */,
				8427A3312457AFEF00CF30D5 /* ChooseBrandViewController.swift in Sources */,
				A97328C323CFA35800ADC5C2 /* MainViewController.swift in Sources */,
				A97328BD23CFA2F500ADC5C2 /* MainDataSource.swift in Sources */,
				A9B8A4DA23D0FCD50055E8A3 /* ColorCollectionViewCell.swift in Sources */,
				A97328C823CFA3DC00ADC5C2 /* ColorsItemViewController.swift in Sources */,
				A97328C123CFA33800ADC5C2 /* SampleItem.swift in Sources */,
			);
			runOnlyForDeploymentPostprocessing = 0;
		};
/* End PBXSourcesBuildPhase section */

/* Begin PBXVariantGroup section */
		A9D71BCC2386DFF200CDEC1D /* LaunchScreen.storyboard */ = {
			isa = PBXVariantGroup;
			children = (
				A9D71BCD2386DFF200CDEC1D /* Base */,
			);
			name = LaunchScreen.storyboard;
			sourceTree = "<group>";
		};
/* End PBXVariantGroup section */

/* Begin XCBuildConfiguration section */
		A9D71BD02386DFF200CDEC1D /* Debug */ = {
			isa = XCBuildConfiguration;
			buildSettings = {
				ALWAYS_SEARCH_USER_PATHS = NO;
				CLANG_ANALYZER_NONNULL = YES;
				CLANG_ANALYZER_NUMBER_OBJECT_CONVERSION = YES_AGGRESSIVE;
				CLANG_CXX_LANGUAGE_STANDARD = "gnu++14";
				CLANG_CXX_LIBRARY = "libc++";
				CLANG_ENABLE_MODULES = YES;
				CLANG_ENABLE_OBJC_ARC = YES;
				CLANG_ENABLE_OBJC_WEAK = YES;
				CLANG_WARN_BLOCK_CAPTURE_AUTORELEASING = YES;
				CLANG_WARN_BOOL_CONVERSION = YES;
				CLANG_WARN_COMMA = YES;
				CLANG_WARN_CONSTANT_CONVERSION = YES;
				CLANG_WARN_DEPRECATED_OBJC_IMPLEMENTATIONS = YES;
				CLANG_WARN_DIRECT_OBJC_ISA_USAGE = YES_ERROR;
				CLANG_WARN_DOCUMENTATION_COMMENTS = YES;
				CLANG_WARN_EMPTY_BODY = YES;
				CLANG_WARN_ENUM_CONVERSION = YES;
				CLANG_WARN_INFINITE_RECURSION = YES;
				CLANG_WARN_INT_CONVERSION = YES;
				CLANG_WARN_NON_LITERAL_NULL_CONVERSION = YES;
				CLANG_WARN_OBJC_IMPLICIT_RETAIN_SELF = YES;
				CLANG_WARN_OBJC_LITERAL_CONVERSION = YES;
				CLANG_WARN_OBJC_ROOT_CLASS = YES_ERROR;
				CLANG_WARN_RANGE_LOOP_ANALYSIS = YES;
				CLANG_WARN_STRICT_PROTOTYPES = YES;
				CLANG_WARN_SUSPICIOUS_MOVE = YES;
				CLANG_WARN_UNGUARDED_AVAILABILITY = YES_AGGRESSIVE;
				CLANG_WARN_UNREACHABLE_CODE = YES;
				CLANG_WARN__DUPLICATE_METHOD_MATCH = YES;
				COPY_PHASE_STRIP = NO;
				DEBUG_INFORMATION_FORMAT = dwarf;
				ENABLE_STRICT_OBJC_MSGSEND = YES;
				ENABLE_TESTABILITY = YES;
				GCC_C_LANGUAGE_STANDARD = gnu11;
				GCC_DYNAMIC_NO_PIC = NO;
				GCC_NO_COMMON_BLOCKS = YES;
				GCC_OPTIMIZATION_LEVEL = 0;
				GCC_PREPROCESSOR_DEFINITIONS = (
					"DEBUG=1",
					"$(inherited)",
				);
				GCC_WARN_64_TO_32_BIT_CONVERSION = YES;
				GCC_WARN_ABOUT_RETURN_TYPE = YES_ERROR;
				GCC_WARN_UNDECLARED_SELECTOR = YES;
				GCC_WARN_UNINITIALIZED_AUTOS = YES_AGGRESSIVE;
				GCC_WARN_UNUSED_FUNCTION = YES;
				GCC_WARN_UNUSED_VARIABLE = YES;
				IPHONEOS_DEPLOYMENT_TARGET = 11.0;
				MTL_ENABLE_DEBUG_INFO = INCLUDE_SOURCE;
				MTL_FAST_MATH = YES;
				ONLY_ACTIVE_ARCH = YES;
				SDKROOT = iphoneos;
				SWIFT_ACTIVE_COMPILATION_CONDITIONS = DEBUG;
				SWIFT_OPTIMIZATION_LEVEL = "-Onone";
			};
			name = Debug;
		};
		A9D71BD12386DFF200CDEC1D /* Release */ = {
			isa = XCBuildConfiguration;
			buildSettings = {
				ALWAYS_SEARCH_USER_PATHS = NO;
				CLANG_ANALYZER_NONNULL = YES;
				CLANG_ANALYZER_NUMBER_OBJECT_CONVERSION = YES_AGGRESSIVE;
				CLANG_CXX_LANGUAGE_STANDARD = "gnu++14";
				CLANG_CXX_LIBRARY = "libc++";
				CLANG_ENABLE_MODULES = YES;
				CLANG_ENABLE_OBJC_ARC = YES;
				CLANG_ENABLE_OBJC_WEAK = YES;
				CLANG_WARN_BLOCK_CAPTURE_AUTORELEASING = YES;
				CLANG_WARN_BOOL_CONVERSION = YES;
				CLANG_WARN_COMMA = YES;
				CLANG_WARN_CONSTANT_CONVERSION = YES;
				CLANG_WARN_DEPRECATED_OBJC_IMPLEMENTATIONS = YES;
				CLANG_WARN_DIRECT_OBJC_ISA_USAGE = YES_ERROR;
				CLANG_WARN_DOCUMENTATION_COMMENTS = YES;
				CLANG_WARN_EMPTY_BODY = YES;
				CLANG_WARN_ENUM_CONVERSION = YES;
				CLANG_WARN_INFINITE_RECURSION = YES;
				CLANG_WARN_INT_CONVERSION = YES;
				CLANG_WARN_NON_LITERAL_NULL_CONVERSION = YES;
				CLANG_WARN_OBJC_IMPLICIT_RETAIN_SELF = YES;
				CLANG_WARN_OBJC_LITERAL_CONVERSION = YES;
				CLANG_WARN_OBJC_ROOT_CLASS = YES_ERROR;
				CLANG_WARN_RANGE_LOOP_ANALYSIS = YES;
				CLANG_WARN_STRICT_PROTOTYPES = YES;
				CLANG_WARN_SUSPICIOUS_MOVE = YES;
				CLANG_WARN_UNGUARDED_AVAILABILITY = YES_AGGRESSIVE;
				CLANG_WARN_UNREACHABLE_CODE = YES;
				CLANG_WARN__DUPLICATE_METHOD_MATCH = YES;
				COPY_PHASE_STRIP = NO;
				DEBUG_INFORMATION_FORMAT = "dwarf-with-dsym";
				ENABLE_NS_ASSERTIONS = NO;
				ENABLE_STRICT_OBJC_MSGSEND = YES;
				GCC_C_LANGUAGE_STANDARD = gnu11;
				GCC_NO_COMMON_BLOCKS = YES;
				GCC_WARN_64_TO_32_BIT_CONVERSION = YES;
				GCC_WARN_ABOUT_RETURN_TYPE = YES_ERROR;
				GCC_WARN_UNDECLARED_SELECTOR = YES;
				GCC_WARN_UNINITIALIZED_AUTOS = YES_AGGRESSIVE;
				GCC_WARN_UNUSED_FUNCTION = YES;
				GCC_WARN_UNUSED_VARIABLE = YES;
				IPHONEOS_DEPLOYMENT_TARGET = 11.0;
				MTL_ENABLE_DEBUG_INFO = NO;
				MTL_FAST_MATH = YES;
				SDKROOT = iphoneos;
				SWIFT_COMPILATION_MODE = wholemodule;
				SWIFT_OPTIMIZATION_LEVEL = "-O";
				VALIDATE_PRODUCT = YES;
			};
			name = Release;
		};
		A9D71BD32386DFF200CDEC1D /* Debug */ = {
			isa = XCBuildConfiguration;
			buildSettings = {
				ASSETCATALOG_COMPILER_APPICON_NAME = AppIcon;
				CODE_SIGN_IDENTITY = "iPhone Developer";
				CODE_SIGN_STYLE = Manual;
				CURRENT_PROJECT_VERSION = 6;
				DEVELOPMENT_TEAM = XUT82JX72R;
				INFOPLIST_FILE = "Sources/Supporting Files/Info.plist";
				LD_RUNPATH_SEARCH_PATHS = (
					"$(inherited)",
					"@executable_path/Frameworks",
				);
				MARKETING_VERSION = 0.0.19;
				PRODUCT_BUNDLE_IDENTIFIER = net.natura.NatDSSampleApp;
				PRODUCT_NAME = "$(TARGET_NAME)";
				PROVISIONING_PROFILE_SPECIFIER = "match Development net.natura.NatDSSampleApp";
				SWIFT_VERSION = 5.0;
				TARGETED_DEVICE_FAMILY = "1,2";
			};
			name = Debug;
		};
		A9D71BD42386DFF200CDEC1D /* Release */ = {
			isa = XCBuildConfiguration;
			buildSettings = {
				ASSETCATALOG_COMPILER_APPICON_NAME = AppIcon;
				CODE_SIGN_IDENTITY = "iPhone Distribution";
				CODE_SIGN_STYLE = Manual;
				CURRENT_PROJECT_VERSION = 6;
				DEVELOPMENT_TEAM = XUT82JX72R;
				INFOPLIST_FILE = "Sources/Supporting Files/Info.plist";
				LD_RUNPATH_SEARCH_PATHS = (
					"$(inherited)",
					"@executable_path/Frameworks",
				);
				MARKETING_VERSION = 0.0.19;
				PRODUCT_BUNDLE_IDENTIFIER = net.natura.NatDSSampleApp;
				PRODUCT_NAME = "$(TARGET_NAME)";
				PROVISIONING_PROFILE_SPECIFIER = "match AppStore net.natura.NatDSSampleApp";
				SWIFT_VERSION = 5.0;
				TARGETED_DEVICE_FAMILY = "1,2";
			};
			name = Release;
		};
/* End XCBuildConfiguration section */

/* Begin XCConfigurationList section */
		A9D71BB92386DFEE00CDEC1D /* Build configuration list for PBXProject "NatDS-SampleApp" */ = {
			isa = XCConfigurationList;
			buildConfigurations = (
				A9D71BD02386DFF200CDEC1D /* Debug */,
				A9D71BD12386DFF200CDEC1D /* Release */,
			);
			defaultConfigurationIsVisible = 0;
			defaultConfigurationName = Release;
		};
		A9D71BD22386DFF200CDEC1D /* Build configuration list for PBXNativeTarget "NatDS-SampleApp" */ = {
			isa = XCConfigurationList;
			buildConfigurations = (
				A9D71BD32386DFF200CDEC1D /* Debug */,
				A9D71BD42386DFF200CDEC1D /* Release */,
			);
			defaultConfigurationIsVisible = 0;
			defaultConfigurationName = Release;
		};
/* End XCConfigurationList section */
	};
	rootObject = A9D71BB62386DFEE00CDEC1D /* Project object */;
}
