// !$*UTF8*$!
{
	archiveVersion = 1;
	classes = {
	};
	objectVersion = 50;
	objects = {

/* Begin PBXBuildFile section */
		00CF8C7E79BD696D97099B654E925BE0 /* SampleItem.swift in Sources */ = {isa = PBXBuildFile; fileRef = CDEFD4EFD9613149DFEC9007479CFBA8 /* SampleItem.swift */; };
		04AA815DDD6F9388F3A1010428342BBB /* ElevationViewController.swift in Sources */ = {isa = PBXBuildFile; fileRef = BFCC7C3B8819A99402107EA24F698A53 /* ElevationViewController.swift */; };
		06E258AB651CE4F232CAAA3A2D94807C /* SpacingCell.swift in Sources */ = {isa = PBXBuildFile; fileRef = 73162360481FF4DE5378EBF0DF3B2F1C /* SpacingCell.swift */; };
		0A2178D12DE267C878A84A6ED80350D4 /* ChooseBrandViewController.swift in Sources */ = {isa = PBXBuildFile; fileRef = 88DF0FA08B4E2EB33C77654A3EC4E83E /* ChooseBrandViewController.swift */; };
		0E0C618824C768B700AF8FBB /* AppBarDetailViewController.swift in Sources */ = {isa = PBXBuildFile; fileRef = 0E0C618724C768B700AF8FBB /* AppBarDetailViewController.swift */; };
		0E0C618A24C7749300AF8FBB /* AppBarDataSource.swift in Sources */ = {isa = PBXBuildFile; fileRef = 0E0C618924C7749300AF8FBB /* AppBarDataSource.swift */; };
		0E45136B24BE1DEB002296AE /* AppBarViewController.swift in Sources */ = {isa = PBXBuildFile; fileRef = 0E45136A24BE1DEB002296AE /* AppBarViewController.swift */; };
		15B75BDE2A9BA5FCCD4E2CFE49AC1055 /* ButtonsItemViewController.swift in Sources */ = {isa = PBXBuildFile; fileRef = EB193A88212A44D97B2A08002B40993F /* ButtonsItemViewController.swift */; };
		15CB9B603913EB682989F204523A1472 /* SpacingViewController.swift in Sources */ = {isa = PBXBuildFile; fileRef = F481A68E21070452D7ABE08B85865E10 /* SpacingViewController.swift */; };
		18A184686209DD677293C0286EEB0C60 /* OpacityCell.swift in Sources */ = {isa = PBXBuildFile; fileRef = D79F005407CCF54F38930570D9BE50EA /* OpacityCell.swift */; };
		190F96D8AFCE86FA621E6BDD5A3390F2 /* ColorsHeaderView.swift in Sources */ = {isa = PBXBuildFile; fileRef = 5DF7BFDAFFA13841520A52D2EDE5400D /* ColorsHeaderView.swift */; };
		1D1DA594D70300F43F7B5F7BD9215C90 /* NatDS.framework in Embed Frameworks */ = {isa = PBXBuildFile; fileRef = EEBC24456A172162B3538C51FBFE2BA6 /* NatDS.framework */; settings = {ATTRIBUTES = (CodeSignOnCopy, RemoveHeadersOnCopy, ); }; };
		237BDC613256825FFF9C564C51CEBED6 /* LaunchScreen.storyboard in Resources */ = {isa = PBXBuildFile; fileRef = 60F631F3D82A74E2CC246BA76661EF48 /* LaunchScreen.storyboard */; };
		265B17EE24AFBE5500FD0407 /* BadgeViewController.swift in Sources */ = {isa = PBXBuildFile; fileRef = 265B17ED24AFBE5500FD0407 /* BadgeViewController.swift */; };
		47382B136831753E7775B5E76392DA56 /* ColorsCell.swift in Sources */ = {isa = PBXBuildFile; fileRef = FD277263F8F3EE00B21A0DE2E9849D97 /* ColorsCell.swift */; };
		4FB74E3BCCB54EE2242A9A78778F6024 /* TypographyViewController.swift in Sources */ = {isa = PBXBuildFile; fileRef = FE39135EC83E5AE456AC7FBF5FE7F9CA /* TypographyViewController.swift */; };
		542BBE6C15A7E0C25DD69346A43430B0 /* ColorsViewController.swift in Sources */ = {isa = PBXBuildFile; fileRef = 845C4E23EBB1B07DF334BBA42C272EBB /* ColorsViewController.swift */; };
		5A95C641E43BCD63CA21359C8EAFBA25 /* ValueTextHighlightItemViewController.swift in Sources */ = {isa = PBXBuildFile; fileRef = 3ECE4EA4030547C9B71419A660386C4A /* ValueTextHighlightItemViewController.swift */; };
		5C015C21B5CCA24BFE6643ABE6AEF850 /* NatDS.framework in Frameworks */ = {isa = PBXBuildFile; fileRef = EEBC24456A172162B3538C51FBFE2BA6 /* NatDS.framework */; };
		6566B8AD366FC73D95DA1F35979D488C /* NavigationDrawerItemViewController.swift in Sources */ = {isa = PBXBuildFile; fileRef = 26D4B7F03E632BFE339DA40C2269B9D9 /* NavigationDrawerItemViewController.swift */; };
		6B065E9FA8AEAD33D6341DB8C671D74C /* DialogItemViewController.swift in Sources */ = {isa = PBXBuildFile; fileRef = CBF6AF03A3D6B2368E721CAB74F2424A /* DialogItemViewController.swift */; };
		8402F4E624F932E70018149C /* IconButtonItemViewController.swift in Sources */ = {isa = PBXBuildFile; fileRef = 8402F4E524F932E70018149C /* IconButtonItemViewController.swift */; };
		8409B9312507B9E2006ED4EA /* CustomSplashViewController+GradientBackgroundView.swift in Sources */ = {isa = PBXBuildFile; fileRef = 8409B9302507B9E2006ED4EA /* CustomSplashViewController+GradientBackgroundView.swift */; };
		8449828124C0C9F200CDA676 /* LogoItemViewController.swift in Sources */ = {isa = PBXBuildFile; fileRef = 8449828024C0C9F200CDA676 /* LogoItemViewController.swift */; };
		844A1E2624AE2BCE00E93AD9 /* ShortcutItemViewController.swift in Sources */ = {isa = PBXBuildFile; fileRef = 844A1E2524AE2BCE00E93AD9 /* ShortcutItemViewController.swift */; };
		84E3B7C82502C88D0056FE57 /* CustomSplashViewController.swift in Sources */ = {isa = PBXBuildFile; fileRef = 84E3B7C72502C88D0056FE57 /* CustomSplashViewController.swift */; };
		9B13D285941681F8967FCC54F3945D5F /* IconCollectionViewCell.swift in Sources */ = {isa = PBXBuildFile; fileRef = C7FBDBE3AD8777A865F1B1E40859758D /* IconCollectionViewCell.swift */; };
		B0824E26ADCA40FFA158AA0A35155D71 /* MainViewController.swift in Sources */ = {isa = PBXBuildFile; fileRef = 9AFC72AFBBBAAEBA2097DA669BB3792F /* MainViewController.swift */; };
		B14E0B8A51D237CFBA1AD574ED6EC10C /* DividerViewController.swift in Sources */ = {isa = PBXBuildFile; fileRef = 9F657058E049073E0255E8EE6ED2580B /* DividerViewController.swift */; };
		B5D960A174519D837D9855D4B0A6711B /* TextFieldItemViewController.swift in Sources */ = {isa = PBXBuildFile; fileRef = B02CD4C57B8F31F4FB76CB430C3A9F39 /* TextFieldItemViewController.swift */; };
		BAD502BF80890F0D5ADA1B7671F5E4D1 /* AppSearchBarViewController.swift in Sources */ = {isa = PBXBuildFile; fileRef = F65EAA4E8148EBDC96E68E9E054CED31 /* AppSearchBarViewController.swift */; };
		BD695AAB8C1745298D8F405635E322A7 /* MainDataSource.swift in Sources */ = {isa = PBXBuildFile; fileRef = 96E03E96B39ADDD9B77FC7C702E3029F /* MainDataSource.swift */; };
		C3FB6A19DFD7AF84B435860A0C7F355D /* ExpansionPanelViewController.swift in Sources */ = {isa = PBXBuildFile; fileRef = BAE1310620FE9C1F53F4420EEBB52174 /* ExpansionPanelViewController.swift */; };
		C45042BFA9A69738E74BF45255330A76 /* BorderRadiusCell.swift in Sources */ = {isa = PBXBuildFile; fileRef = 9D0DC29437C7F5B9950A6FDE4E0E7786 /* BorderRadiusCell.swift */; };
		D10339C459C644B3172B6106B51A961C /* ElevationCell.swift in Sources */ = {isa = PBXBuildFile; fileRef = 4CBBBC99CEDEAD9957C2FDFCDCF340E4 /* ElevationCell.swift */; };
		D2874BA3C6A03754EC9895DC95D6DFE5 /* TypographyCell.swift in Sources */ = {isa = PBXBuildFile; fileRef = 5A620BF5125BD5A9285A07613BD28359 /* TypographyCell.swift */; };
		D30EE21E999567FD384CCE8B5D90FAC2 /* SizeCell.swift in Sources */ = {isa = PBXBuildFile; fileRef = D6931A5C475B8907A39E71B99395C70C /* SizeCell.swift */; };
		D3219E81DF4D5C6AC40F7F7677D8A7E7 /* Assets.xcassets in Resources */ = {isa = PBXBuildFile; fileRef = 4F3D5DE37D2013D4BADC0F54FAEDE3F6 /* Assets.xcassets */; };
		D8E43C13D4DE5237EBF1AAA69FCF03EF /* BorderRadiusViewController.swift in Sources */ = {isa = PBXBuildFile; fileRef = C3ECCCD44B56293C5FBF0660526ABA56 /* BorderRadiusViewController.swift */; };
		DC40596AEA7EE184F0A1BCD2F3BFF7FC /* DesignSection.swift in Sources */ = {isa = PBXBuildFile; fileRef = 729810E32083E04163C749DCF3552FA6 /* DesignSection.swift */; };
		DF627B5ABA0E7336C4F3554132159A83 /* ComponentsSection.swift in Sources */ = {isa = PBXBuildFile; fileRef = 62B703332C6994E56C229AEDFFD1B5EB /* ComponentsSection.swift */; };
		E061B6B85CEFBAE9AE8A8079DEF9E0A4 /* SampleSection.swift in Sources */ = {isa = PBXBuildFile; fileRef = F9F8B4392DE4673E30A21B2F6E484CDB /* SampleSection.swift */; };
		E85844B6881ACA2A4AD480885DC8B068 /* OpacityViewController.swift in Sources */ = {isa = PBXBuildFile; fileRef = 1E864ED7BB360AA6C6091D7E1053A5ED /* OpacityViewController.swift */; };
		F1BDDD1A6BB7FF95ED9BF0D4FF3083A8 /* IconographyItemViewController.swift in Sources */ = {isa = PBXBuildFile; fileRef = 3336D64DBE111BD9CEB3EAF55A72897A /* IconographyItemViewController.swift */; };
		F73DA218B08455F09195D7D6F4990961 /* SizeViewController.swift in Sources */ = {isa = PBXBuildFile; fileRef = 6CCE6B3ED45C1E81094E9B4DDAB9D1EC /* SizeViewController.swift */; };
		FA821AD3D36171DBAF4790CAD9C46CC8 /* AppDelegate.swift in Sources */ = {isa = PBXBuildFile; fileRef = A9EB78FC7F0EEE4914F65F61B2E74031 /* AppDelegate.swift */; };
		FD3C1A6EDAD5F31BC9E4984E981C28A8 /* TabItemViewController.swift in Sources */ = {isa = PBXBuildFile; fileRef = 8AD6BDA39D2DFA18294278D33A054F9B /* TabItemViewController.swift */; };
/* End PBXBuildFile section */

/* Begin PBXCopyFilesBuildPhase section */
		BA7D257147E394ADC9BAB095B2BD4E65 /* Embed Frameworks */ = {
			isa = PBXCopyFilesBuildPhase;
			buildActionMask = 2147483647;
			dstPath = "";
			dstSubfolderSpec = 10;
			files = (
				1D1DA594D70300F43F7B5F7BD9215C90 /* NatDS.framework in Embed Frameworks */,
			);
			name = "Embed Frameworks";
			runOnlyForDeploymentPostprocessing = 0;
		};
/* End PBXCopyFilesBuildPhase section */

/* Begin PBXFileReference section */
		0E0C618724C768B700AF8FBB /* AppBarDetailViewController.swift */ = {isa = PBXFileReference; lastKnownFileType = sourcecode.swift; path = AppBarDetailViewController.swift; sourceTree = "<group>"; };
		0E0C618924C7749300AF8FBB /* AppBarDataSource.swift */ = {isa = PBXFileReference; lastKnownFileType = sourcecode.swift; path = AppBarDataSource.swift; sourceTree = "<group>"; };
		0E45136A24BE1DEB002296AE /* AppBarViewController.swift */ = {isa = PBXFileReference; lastKnownFileType = sourcecode.swift; path = AppBarViewController.swift; sourceTree = "<group>"; };
		1E864ED7BB360AA6C6091D7E1053A5ED /* OpacityViewController.swift */ = {isa = PBXFileReference; lastKnownFileType = sourcecode.swift; path = OpacityViewController.swift; sourceTree = "<group>"; };
		265B17ED24AFBE5500FD0407 /* BadgeViewController.swift */ = {isa = PBXFileReference; lastKnownFileType = sourcecode.swift; path = BadgeViewController.swift; sourceTree = "<group>"; };
		26D4B7F03E632BFE339DA40C2269B9D9 /* NavigationDrawerItemViewController.swift */ = {isa = PBXFileReference; lastKnownFileType = sourcecode.swift; path = NavigationDrawerItemViewController.swift; sourceTree = "<group>"; };
		2D71CBBDDF4F8308F1C24A8F907CBE25 /* NatDS-SampleApp.app */ = {isa = PBXFileReference; explicitFileType = wrapper.application; includeInIndex = 0; path = "NatDS-SampleApp.app"; sourceTree = BUILT_PRODUCTS_DIR; };
		3336D64DBE111BD9CEB3EAF55A72897A /* IconographyItemViewController.swift */ = {isa = PBXFileReference; lastKnownFileType = sourcecode.swift; path = IconographyItemViewController.swift; sourceTree = "<group>"; };
		35E9FC28C9F42A1770BF5C6983ECF749 /* Info.plist */ = {isa = PBXFileReference; lastKnownFileType = text.plist.xml; path = Info.plist; sourceTree = "<group>"; };
		3ECE4EA4030547C9B71419A660386C4A /* ValueTextHighlightItemViewController.swift */ = {isa = PBXFileReference; lastKnownFileType = sourcecode.swift; path = ValueTextHighlightItemViewController.swift; sourceTree = "<group>"; };
		4CBBBC99CEDEAD9957C2FDFCDCF340E4 /* ElevationCell.swift */ = {isa = PBXFileReference; lastKnownFileType = sourcecode.swift; path = ElevationCell.swift; sourceTree = "<group>"; };
		4F3D5DE37D2013D4BADC0F54FAEDE3F6 /* Assets.xcassets */ = {isa = PBXFileReference; lastKnownFileType = folder.assetcatalog; path = Assets.xcassets; sourceTree = "<group>"; };
		5A620BF5125BD5A9285A07613BD28359 /* TypographyCell.swift */ = {isa = PBXFileReference; fileEncoding = 4; lastKnownFileType = sourcecode.swift; path = TypographyCell.swift; sourceTree = "<group>"; };
		5DF7BFDAFFA13841520A52D2EDE5400D /* ColorsHeaderView.swift */ = {isa = PBXFileReference; lastKnownFileType = sourcecode.swift; path = ColorsHeaderView.swift; sourceTree = "<group>"; };
		62B703332C6994E56C229AEDFFD1B5EB /* ComponentsSection.swift */ = {isa = PBXFileReference; lastKnownFileType = sourcecode.swift; path = ComponentsSection.swift; sourceTree = "<group>"; };
		6CCE6B3ED45C1E81094E9B4DDAB9D1EC /* SizeViewController.swift */ = {isa = PBXFileReference; fileEncoding = 4; lastKnownFileType = sourcecode.swift; path = SizeViewController.swift; sourceTree = "<group>"; };
		729810E32083E04163C749DCF3552FA6 /* DesignSection.swift */ = {isa = PBXFileReference; lastKnownFileType = sourcecode.swift; path = DesignSection.swift; sourceTree = "<group>"; };
		73162360481FF4DE5378EBF0DF3B2F1C /* SpacingCell.swift */ = {isa = PBXFileReference; lastKnownFileType = sourcecode.swift; path = SpacingCell.swift; sourceTree = "<group>"; };
		8402F4E524F932E70018149C /* IconButtonItemViewController.swift */ = {isa = PBXFileReference; lastKnownFileType = sourcecode.swift; path = IconButtonItemViewController.swift; sourceTree = "<group>"; };
		8409B9302507B9E2006ED4EA /* CustomSplashViewController+GradientBackgroundView.swift */ = {isa = PBXFileReference; lastKnownFileType = sourcecode.swift; path = "CustomSplashViewController+GradientBackgroundView.swift"; sourceTree = "<group>"; };
		8449828024C0C9F200CDA676 /* LogoItemViewController.swift */ = {isa = PBXFileReference; lastKnownFileType = sourcecode.swift; path = LogoItemViewController.swift; sourceTree = "<group>"; };
		844A1E2524AE2BCE00E93AD9 /* ShortcutItemViewController.swift */ = {isa = PBXFileReference; lastKnownFileType = sourcecode.swift; path = ShortcutItemViewController.swift; sourceTree = "<group>"; };
		845C4E23EBB1B07DF334BBA42C272EBB /* ColorsViewController.swift */ = {isa = PBXFileReference; fileEncoding = 4; lastKnownFileType = sourcecode.swift; path = ColorsViewController.swift; sourceTree = "<group>"; };
		84E3B7C72502C88D0056FE57 /* CustomSplashViewController.swift */ = {isa = PBXFileReference; lastKnownFileType = sourcecode.swift; path = CustomSplashViewController.swift; sourceTree = "<group>"; };
		88DF0FA08B4E2EB33C77654A3EC4E83E /* ChooseBrandViewController.swift */ = {isa = PBXFileReference; lastKnownFileType = sourcecode.swift; path = ChooseBrandViewController.swift; sourceTree = "<group>"; };
		8AD6BDA39D2DFA18294278D33A054F9B /* TabItemViewController.swift */ = {isa = PBXFileReference; lastKnownFileType = sourcecode.swift; path = TabItemViewController.swift; sourceTree = "<group>"; };
		96E03E96B39ADDD9B77FC7C702E3029F /* MainDataSource.swift */ = {isa = PBXFileReference; lastKnownFileType = sourcecode.swift; path = MainDataSource.swift; sourceTree = "<group>"; };
		9A952C68A59714AAC3B9888C2904F969 /* Base */ = {isa = PBXFileReference; lastKnownFileType = file.storyboard; name = Base; path = Base.lproj/LaunchScreen.storyboard; sourceTree = "<group>"; };
		9AFC72AFBBBAAEBA2097DA669BB3792F /* MainViewController.swift */ = {isa = PBXFileReference; lastKnownFileType = sourcecode.swift; path = MainViewController.swift; sourceTree = "<group>"; };
		9D0DC29437C7F5B9950A6FDE4E0E7786 /* BorderRadiusCell.swift */ = {isa = PBXFileReference; lastKnownFileType = sourcecode.swift; path = BorderRadiusCell.swift; sourceTree = "<group>"; };
		9F657058E049073E0255E8EE6ED2580B /* DividerViewController.swift */ = {isa = PBXFileReference; lastKnownFileType = sourcecode.swift; path = DividerViewController.swift; sourceTree = "<group>"; };
		A9EB78FC7F0EEE4914F65F61B2E74031 /* AppDelegate.swift */ = {isa = PBXFileReference; lastKnownFileType = sourcecode.swift; path = AppDelegate.swift; sourceTree = "<group>"; };
		B02CD4C57B8F31F4FB76CB430C3A9F39 /* TextFieldItemViewController.swift */ = {isa = PBXFileReference; lastKnownFileType = sourcecode.swift; path = TextFieldItemViewController.swift; sourceTree = "<group>"; };
		BAE1310620FE9C1F53F4420EEBB52174 /* ExpansionPanelViewController.swift */ = {isa = PBXFileReference; fileEncoding = 4; lastKnownFileType = sourcecode.swift; path = ExpansionPanelViewController.swift; sourceTree = "<group>"; };
		BFCC7C3B8819A99402107EA24F698A53 /* ElevationViewController.swift */ = {isa = PBXFileReference; lastKnownFileType = sourcecode.swift; path = ElevationViewController.swift; sourceTree = "<group>"; };
		C3ECCCD44B56293C5FBF0660526ABA56 /* BorderRadiusViewController.swift */ = {isa = PBXFileReference; lastKnownFileType = sourcecode.swift; path = BorderRadiusViewController.swift; sourceTree = "<group>"; };
		C7FBDBE3AD8777A865F1B1E40859758D /* IconCollectionViewCell.swift */ = {isa = PBXFileReference; lastKnownFileType = sourcecode.swift; path = IconCollectionViewCell.swift; sourceTree = "<group>"; };
		CBF6AF03A3D6B2368E721CAB74F2424A /* DialogItemViewController.swift */ = {isa = PBXFileReference; lastKnownFileType = sourcecode.swift; path = DialogItemViewController.swift; sourceTree = "<group>"; };
		CDEFD4EFD9613149DFEC9007479CFBA8 /* SampleItem.swift */ = {isa = PBXFileReference; lastKnownFileType = sourcecode.swift; path = SampleItem.swift; sourceTree = "<group>"; };
		D6931A5C475B8907A39E71B99395C70C /* SizeCell.swift */ = {isa = PBXFileReference; fileEncoding = 4; lastKnownFileType = sourcecode.swift; path = SizeCell.swift; sourceTree = "<group>"; };
		D79F005407CCF54F38930570D9BE50EA /* OpacityCell.swift */ = {isa = PBXFileReference; lastKnownFileType = sourcecode.swift; path = OpacityCell.swift; sourceTree = "<group>"; };
		EB193A88212A44D97B2A08002B40993F /* ButtonsItemViewController.swift */ = {isa = PBXFileReference; lastKnownFileType = sourcecode.swift; path = ButtonsItemViewController.swift; sourceTree = "<group>"; };
		EEBC24456A172162B3538C51FBFE2BA6 /* NatDS.framework */ = {isa = PBXFileReference; explicitFileType = wrapper.framework; path = NatDS.framework; sourceTree = BUILT_PRODUCTS_DIR; };
		F481A68E21070452D7ABE08B85865E10 /* SpacingViewController.swift */ = {isa = PBXFileReference; lastKnownFileType = sourcecode.swift; path = SpacingViewController.swift; sourceTree = "<group>"; };
		F65EAA4E8148EBDC96E68E9E054CED31 /* AppSearchBarViewController.swift */ = {isa = PBXFileReference; lastKnownFileType = sourcecode.swift; path = AppSearchBarViewController.swift; sourceTree = "<group>"; };
		F9F8B4392DE4673E30A21B2F6E484CDB /* SampleSection.swift */ = {isa = PBXFileReference; lastKnownFileType = sourcecode.swift; path = SampleSection.swift; sourceTree = "<group>"; };
		FD277263F8F3EE00B21A0DE2E9849D97 /* ColorsCell.swift */ = {isa = PBXFileReference; lastKnownFileType = sourcecode.swift; path = ColorsCell.swift; sourceTree = "<group>"; };
		FE39135EC83E5AE456AC7FBF5FE7F9CA /* TypographyViewController.swift */ = {isa = PBXFileReference; lastKnownFileType = sourcecode.swift; path = TypographyViewController.swift; sourceTree = "<group>"; };
/* End PBXFileReference section */

/* Begin PBXFrameworksBuildPhase section */
		648B131410E9C0915BF9C08FDE33DD36 /* Frameworks */ = {
			isa = PBXFrameworksBuildPhase;
			buildActionMask = 2147483647;
			files = (
				5C015C21B5CCA24BFE6643ABE6AEF850 /* NatDS.framework in Frameworks */,
			);
			runOnlyForDeploymentPostprocessing = 0;
		};
/* End PBXFrameworksBuildPhase section */

/* Begin PBXGroup section */
		00BA79FB1659D007DB8720B65080C439 /* Dialog */ = {
			isa = PBXGroup;
			children = (
				CBF6AF03A3D6B2368E721CAB74F2424A /* DialogItemViewController.swift */,
			);
			path = Dialog;
			sourceTree = "<group>";
		};
		0E3F579024B90E79004B2F9E /* AppBar */ = {
			isa = PBXGroup;
			children = (
				0E45136A24BE1DEB002296AE /* AppBarViewController.swift */,
				0E0C618724C768B700AF8FBB /* AppBarDetailViewController.swift */,
				0E0C618924C7749300AF8FBB /* AppBarDataSource.swift */,
			);
			path = AppBar;
			sourceTree = "<group>";
		};
		0F9EB0B48CDC91FB1CA02458F9570578 /* Products */ = {
			isa = PBXGroup;
			children = (
				2D71CBBDDF4F8308F1C24A8F907CBE25 /* NatDS-SampleApp.app */,
			);
			name = Products;
			sourceTree = "<group>";
		};
		1663B3E8761EA7718C591D7378085408 /* Elevation */ = {
			isa = PBXGroup;
			children = (
				325C58392C7C330F75C621948DF99A49 /* Cells */,
				BFCC7C3B8819A99402107EA24F698A53 /* ElevationViewController.swift */,
			);
			path = Elevation;
			sourceTree = "<group>";
		};
		265B17EC24AFBE2A00FD0407 /* Badge */ = {
			isa = PBXGroup;
			children = (
				265B17ED24AFBE5500FD0407 /* BadgeViewController.swift */,
			);
			path = Badge;
			sourceTree = "<group>";
		};
		325C58392C7C330F75C621948DF99A49 /* Cells */ = {
			isa = PBXGroup;
			children = (
				4CBBBC99CEDEAD9957C2FDFCDCF340E4 /* ElevationCell.swift */,
			);
			path = Cells;
			sourceTree = "<group>";
		};
		36ED2BCB248D0370832F458C8819AED3 /* Cells */ = {
			isa = PBXGroup;
			children = (
				D79F005407CCF54F38930570D9BE50EA /* OpacityCell.swift */,
			);
			path = Cells;
			sourceTree = "<group>";
		};
		3D9C41A89DFFF420774C67EFCF601A6A /* BorderRadius */ = {
			isa = PBXGroup;
			children = (
				B936FD4AAF4E6441617F194A597367DD /* Cells */,
				C3ECCCD44B56293C5FBF0660526ABA56 /* BorderRadiusViewController.swift */,
			);
			path = BorderRadius;
			sourceTree = "<group>";
		};
		42CA660B6D99BC41804F8F3DFFF846E2 /* Sources */ = {
			isa = PBXGroup;
			children = (
				9DE43D2630BC7A2BC76DE6043192AFF4 /* Sample */,
				BBBD9AE748A7F062C343564EE84A8A71 /* Supporting Files */,
				A9EB78FC7F0EEE4914F65F61B2E74031 /* AppDelegate.swift */,
				8409B92F2507B9A9006ED4EA /* CustomSplash */,
				842EA8A92508278E009AE473 /* ChooseBrand */,
				96E03E96B39ADDD9B77FC7C702E3029F /* MainDataSource.swift */,
				9AFC72AFBBBAAEBA2097DA669BB3792F /* MainViewController.swift */,
			);
			path = Sources;
			sourceTree = "<group>";
		};
		60BA3889843FAC643954B470CDCD738E /* Colors */ = {
			isa = PBXGroup;
			children = (
				C216B869C49B98316C79CC628A4C9017 /* Cells */,
				845C4E23EBB1B07DF334BBA42C272EBB /* ColorsViewController.swift */,
			);
			path = Colors;
			sourceTree = "<group>";
		};
		8402F4E424F932570018149C /* IconButton */ = {
			isa = PBXGroup;
			children = (
				8402F4E524F932E70018149C /* IconButtonItemViewController.swift */,
			);
			path = IconButton;
			sourceTree = "<group>";
		};
		8409B92F2507B9A9006ED4EA /* CustomSplash */ = {
			isa = PBXGroup;
			children = (
				84E3B7C72502C88D0056FE57 /* CustomSplashViewController.swift */,
				8409B9302507B9E2006ED4EA /* CustomSplashViewController+GradientBackgroundView.swift */,
			);
			path = CustomSplash;
			sourceTree = "<group>";
		};
		842EA8A92508278E009AE473 /* ChooseBrand */ = {
			isa = PBXGroup;
			children = (
				88DF0FA08B4E2EB33C77654A3EC4E83E /* ChooseBrandViewController.swift */,
			);
			path = ChooseBrand;
			sourceTree = "<group>";
		};
		844A1E2424AE2B7600E93AD9 /* Shortcut */ = {
			isa = PBXGroup;
			children = (
				844A1E2524AE2BCE00E93AD9 /* ShortcutItemViewController.swift */,
			);
			path = Shortcut;
			sourceTree = "<group>";
		};
		84AAD9C60B28018A447D43D10A281470 /* Helper */ = {
			isa = PBXGroup;
			children = (
				C7FBDBE3AD8777A865F1B1E40859758D /* IconCollectionViewCell.swift */,
			);
			path = Helper;
			sourceTree = "<group>";
		};
		86D88A8EB08915984C5FB6D277F7A6FA /* Components */ = {
			isa = PBXGroup;
			children = (
				265B17EC24AFBE2A00FD0407 /* Badge */,
				0E3F579024B90E79004B2F9E /* AppBar */,
				D8DBFA16188C4BCC7FE097B676C32FF8 /* Bar */,
				BD3CB0F80322B0EA8970D31ABDFB1318 /* Button */,
				00BA79FB1659D007DB8720B65080C439 /* Dialog */,
				D2D202BFFC95DC39B94A26A5FB172483 /* Divider */,
				DFD5C58E6C019591057F6663EFBBA044 /* ExpansionPanel */,
				FE7854E68C30109D4B2988E1E01AE179 /* Field */,
				8402F4E424F932570018149C /* IconButton */,
				CDF47F683C800E8289A0310CD7EA0F0C /* Iconography */,
				FC4556C0DD691C829616B3DDA86F0CBA /* NavigationDrawer */,
				844A1E2424AE2B7600E93AD9 /* Shortcut */,
				C420063DEF581D12DAA6D31645B6B382 /* Tab */,
				C1D1F3FC973CC3D14F86C680F200601D /* ValueText */,
				62B703332C6994E56C229AEDFFD1B5EB /* ComponentsSection.swift */,
				8449828024C0C9F200CDA676 /* LogoItemViewController.swift */,
			);
			path = Components;
			sourceTree = "<group>";
		};
		8AA2BE34A038C58FEB81541423FEF091 /* Design */ = {
			isa = PBXGroup;
			children = (
				3D9C41A89DFFF420774C67EFCF601A6A /* BorderRadius */,
				60BA3889843FAC643954B470CDCD738E /* Colors */,
				1663B3E8761EA7718C591D7378085408 /* Elevation */,
				E87CB56433DA6E5473F5C6B643789BA6 /* Opacity */,
				B2720C821B540A7F455BED15A98C6755 /* Size */,
				DEA60779BDC024D9AD1244CD29A20E30 /* Spacing */,
				D1E87FD723F5C0CE6B516C38B689A892 /* Typography */,
				729810E32083E04163C749DCF3552FA6 /* DesignSection.swift */,
			);
			path = Design;
			sourceTree = "<group>";
		};
		9DE43D2630BC7A2BC76DE6043192AFF4 /* Sample */ = {
			isa = PBXGroup;
			children = (
				86D88A8EB08915984C5FB6D277F7A6FA /* Components */,
				8AA2BE34A038C58FEB81541423FEF091 /* Design */,
				CDEFD4EFD9613149DFEC9007479CFBA8 /* SampleItem.swift */,
				F9F8B4392DE4673E30A21B2F6E484CDB /* SampleSection.swift */,
			);
			path = Sample;
			sourceTree = "<group>";
		};
		AD7153C6722DD4818645E5ADE1A5C8D3 /* Cells */ = {
			isa = PBXGroup;
			children = (
				D6931A5C475B8907A39E71B99395C70C /* SizeCell.swift */,
			);
			path = Cells;
			sourceTree = "<group>";
		};
		B2720C821B540A7F455BED15A98C6755 /* Size */ = {
			isa = PBXGroup;
			children = (
				AD7153C6722DD4818645E5ADE1A5C8D3 /* Cells */,
				6CCE6B3ED45C1E81094E9B4DDAB9D1EC /* SizeViewController.swift */,
			);
			path = Size;
			sourceTree = "<group>";
		};
		B7D68855C6F46E43FC45CF037561B02B /* Cells */ = {
			isa = PBXGroup;
			children = (
				5A620BF5125BD5A9285A07613BD28359 /* TypographyCell.swift */,
			);
			path = Cells;
			sourceTree = "<group>";
		};
		B936FD4AAF4E6441617F194A597367DD /* Cells */ = {
			isa = PBXGroup;
			children = (
				9D0DC29437C7F5B9950A6FDE4E0E7786 /* BorderRadiusCell.swift */,
			);
			path = Cells;
			sourceTree = "<group>";
		};
		BBBD9AE748A7F062C343564EE84A8A71 /* Supporting Files */ = {
			isa = PBXGroup;
			children = (
				4F3D5DE37D2013D4BADC0F54FAEDE3F6 /* Assets.xcassets */,
				35E9FC28C9F42A1770BF5C6983ECF749 /* Info.plist */,
				60F631F3D82A74E2CC246BA76661EF48 /* LaunchScreen.storyboard */,
			);
			path = "Supporting Files";
			sourceTree = "<group>";
		};
		BD3CB0F80322B0EA8970D31ABDFB1318 /* Button */ = {
			isa = PBXGroup;
			children = (
				EB193A88212A44D97B2A08002B40993F /* ButtonsItemViewController.swift */,
			);
			path = Button;
			sourceTree = "<group>";
		};
		C1D1F3FC973CC3D14F86C680F200601D /* ValueText */ = {
			isa = PBXGroup;
			children = (
				3ECE4EA4030547C9B71419A660386C4A /* ValueTextHighlightItemViewController.swift */,
			);
			path = ValueText;
			sourceTree = "<group>";
		};
		C216B869C49B98316C79CC628A4C9017 /* Cells */ = {
			isa = PBXGroup;
			children = (
				FD277263F8F3EE00B21A0DE2E9849D97 /* ColorsCell.swift */,
				5DF7BFDAFFA13841520A52D2EDE5400D /* ColorsHeaderView.swift */,
			);
			path = Cells;
			sourceTree = "<group>";
		};
		C420063DEF581D12DAA6D31645B6B382 /* Tab */ = {
			isa = PBXGroup;
			children = (
				8AD6BDA39D2DFA18294278D33A054F9B /* TabItemViewController.swift */,
			);
			path = Tab;
			sourceTree = "<group>";
		};
		CDF47F683C800E8289A0310CD7EA0F0C /* Iconography */ = {
			isa = PBXGroup;
			children = (
				84AAD9C60B28018A447D43D10A281470 /* Helper */,
				3336D64DBE111BD9CEB3EAF55A72897A /* IconographyItemViewController.swift */,
			);
			path = Iconography;
			sourceTree = "<group>";
		};
		D1E87FD723F5C0CE6B516C38B689A892 /* Typography */ = {
			isa = PBXGroup;
			children = (
				B7D68855C6F46E43FC45CF037561B02B /* Cells */,
				FE39135EC83E5AE456AC7FBF5FE7F9CA /* TypographyViewController.swift */,
			);
			path = Typography;
			sourceTree = "<group>";
		};
		D2D202BFFC95DC39B94A26A5FB172483 /* Divider */ = {
			isa = PBXGroup;
			children = (
				9F657058E049073E0255E8EE6ED2580B /* DividerViewController.swift */,
			);
			path = Divider;
			sourceTree = "<group>";
		};
		D8DBFA16188C4BCC7FE097B676C32FF8 /* Bar */ = {
			isa = PBXGroup;
			children = (
				F65EAA4E8148EBDC96E68E9E054CED31 /* AppSearchBarViewController.swift */,
			);
			path = Bar;
			sourceTree = "<group>";
		};
		DEA60779BDC024D9AD1244CD29A20E30 /* Spacing */ = {
			isa = PBXGroup;
			children = (
				FB45A508878AF11006636A3B1F5FF4BE /* Cells */,
				F481A68E21070452D7ABE08B85865E10 /* SpacingViewController.swift */,
			);
			path = Spacing;
			sourceTree = "<group>";
		};
		DFD5C58E6C019591057F6663EFBBA044 /* ExpansionPanel */ = {
			isa = PBXGroup;
			children = (
				BAE1310620FE9C1F53F4420EEBB52174 /* ExpansionPanelViewController.swift */,
			);
			path = ExpansionPanel;
			sourceTree = "<group>";
		};
		E832EF116BC4BE224E3691F2196CCD5B = {
			isa = PBXGroup;
			children = (
				F2174DEEE59502836CB34FDA60D30A21 /* Frameworks */,
				0F9EB0B48CDC91FB1CA02458F9570578 /* Products */,
				42CA660B6D99BC41804F8F3DFFF846E2 /* Sources */,
			);
			sourceTree = "<group>";
		};
		E87CB56433DA6E5473F5C6B643789BA6 /* Opacity */ = {
			isa = PBXGroup;
			children = (
				36ED2BCB248D0370832F458C8819AED3 /* Cells */,
				1E864ED7BB360AA6C6091D7E1053A5ED /* OpacityViewController.swift */,
			);
			path = Opacity;
			sourceTree = "<group>";
		};
		F2174DEEE59502836CB34FDA60D30A21 /* Frameworks */ = {
			isa = PBXGroup;
			children = (
				EEBC24456A172162B3538C51FBFE2BA6 /* NatDS.framework */,
			);
			name = Frameworks;
			sourceTree = "<group>";
		};
		FB45A508878AF11006636A3B1F5FF4BE /* Cells */ = {
			isa = PBXGroup;
			children = (
				73162360481FF4DE5378EBF0DF3B2F1C /* SpacingCell.swift */,
			);
			path = Cells;
			sourceTree = "<group>";
		};
		FC4556C0DD691C829616B3DDA86F0CBA /* NavigationDrawer */ = {
			isa = PBXGroup;
			children = (
				26D4B7F03E632BFE339DA40C2269B9D9 /* NavigationDrawerItemViewController.swift */,
			);
			path = NavigationDrawer;
			sourceTree = "<group>";
		};
		FE7854E68C30109D4B2988E1E01AE179 /* Field */ = {
			isa = PBXGroup;
			children = (
				B02CD4C57B8F31F4FB76CB430C3A9F39 /* TextFieldItemViewController.swift */,
			);
			path = Field;
			sourceTree = "<group>";
		};
/* End PBXGroup section */

/* Begin PBXNativeTarget section */
		8AD1E3FCEC6DC17EE835E4DCD640CB2D /* NatDS-SampleApp */ = {
			isa = PBXNativeTarget;
			buildConfigurationList = 7D6EB1D13A33A47974DF145EA3BC839F /* Build configuration list for PBXNativeTarget "NatDS-SampleApp" */;
			buildPhases = (
				DF2C6BF7A45019FBD56F14E3C3ECDE7E /* Sources */,
				648B131410E9C0915BF9C08FDE33DD36 /* Frameworks */,
				B904DAECF952AB0D904B29291A79794E /* Resources */,
				BA7D257147E394ADC9BAB095B2BD4E65 /* Embed Frameworks */,
			);
			buildRules = (
			);
			dependencies = (
			);
			name = "NatDS-SampleApp";
			productName = "NatDS-SampleApp";
			productReference = 2D71CBBDDF4F8308F1C24A8F907CBE25 /* NatDS-SampleApp.app */;
			productType = "com.apple.product-type.application";
		};
/* End PBXNativeTarget section */

/* Begin PBXProject section */
		2569B159210ED9B10CE36DF0B0369729 /* Project object */ = {
			isa = PBXProject;
			attributes = {
				LastSwiftUpdateCheck = 1110;
				LastUpgradeCheck = 1140;
				ORGANIZATIONNAME = Natura;
				TargetAttributes = {
					8AD1E3FCEC6DC17EE835E4DCD640CB2D = {
						CreatedOnToolsVersion = 11.1;
					};
				};
			};
			buildConfigurationList = 33A0F5AAFF5EBCAE91EB80224CDF3370 /* Build configuration list for PBXProject "NatDS-SampleApp" */;
			compatibilityVersion = "Xcode 9.3";
			developmentRegion = en;
			hasScannedForEncodings = 0;
			knownRegions = (
				en,
				Base,
			);
			mainGroup = E832EF116BC4BE224E3691F2196CCD5B;
			productRefGroup = 0F9EB0B48CDC91FB1CA02458F9570578 /* Products */;
			projectDirPath = "";
			projectRoot = "";
			targets = (
				8AD1E3FCEC6DC17EE835E4DCD640CB2D /* NatDS-SampleApp */,
			);
		};
/* End PBXProject section */

/* Begin PBXResourcesBuildPhase section */
		B904DAECF952AB0D904B29291A79794E /* Resources */ = {
			isa = PBXResourcesBuildPhase;
			buildActionMask = 2147483647;
			files = (
				D3219E81DF4D5C6AC40F7F7677D8A7E7 /* Assets.xcassets in Resources */,
				237BDC613256825FFF9C564C51CEBED6 /* LaunchScreen.storyboard in Resources */,
			);
			runOnlyForDeploymentPostprocessing = 0;
		};
/* End PBXResourcesBuildPhase section */

/* Begin PBXSourcesBuildPhase section */
		DF2C6BF7A45019FBD56F14E3C3ECDE7E /* Sources */ = {
			isa = PBXSourcesBuildPhase;
			buildActionMask = 2147483647;
			files = (
				BAD502BF80890F0D5ADA1B7671F5E4D1 /* AppSearchBarViewController.swift in Sources */,
				FA821AD3D36171DBAF4790CAD9C46CC8 /* AppDelegate.swift in Sources */,
				844A1E2624AE2BCE00E93AD9 /* ShortcutItemViewController.swift in Sources */,
				C45042BFA9A69738E74BF45255330A76 /* BorderRadiusCell.swift in Sources */,
				D8E43C13D4DE5237EBF1AAA69FCF03EF /* BorderRadiusViewController.swift in Sources */,
				15B75BDE2A9BA5FCCD4E2CFE49AC1055 /* ButtonsItemViewController.swift in Sources */,
				8449828124C0C9F200CDA676 /* LogoItemViewController.swift in Sources */,
				0E45136B24BE1DEB002296AE /* AppBarViewController.swift in Sources */,
				0A2178D12DE267C878A84A6ED80350D4 /* ChooseBrandViewController.swift in Sources */,
				47382B136831753E7775B5E76392DA56 /* ColorsCell.swift in Sources */,
				0E0C618A24C7749300AF8FBB /* AppBarDataSource.swift in Sources */,
				190F96D8AFCE86FA621E6BDD5A3390F2 /* ColorsHeaderView.swift in Sources */,
				542BBE6C15A7E0C25DD69346A43430B0 /* ColorsViewController.swift in Sources */,
				DF627B5ABA0E7336C4F3554132159A83 /* ComponentsSection.swift in Sources */,
				265B17EE24AFBE5500FD0407 /* BadgeViewController.swift in Sources */,
				DC40596AEA7EE184F0A1BCD2F3BFF7FC /* DesignSection.swift in Sources */,
				6B065E9FA8AEAD33D6341DB8C671D74C /* DialogItemViewController.swift in Sources */,
				B14E0B8A51D237CFBA1AD574ED6EC10C /* DividerViewController.swift in Sources */,
				D10339C459C644B3172B6106B51A961C /* ElevationCell.swift in Sources */,
				04AA815DDD6F9388F3A1010428342BBB /* ElevationViewController.swift in Sources */,
				C3FB6A19DFD7AF84B435860A0C7F355D /* ExpansionPanelViewController.swift in Sources */,
				9B13D285941681F8967FCC54F3945D5F /* IconCollectionViewCell.swift in Sources */,
				F1BDDD1A6BB7FF95ED9BF0D4FF3083A8 /* IconographyItemViewController.swift in Sources */,
				BD695AAB8C1745298D8F405635E322A7 /* MainDataSource.swift in Sources */,
				B0824E26ADCA40FFA158AA0A35155D71 /* MainViewController.swift in Sources */,
				6566B8AD366FC73D95DA1F35979D488C /* NavigationDrawerItemViewController.swift in Sources */,
				18A184686209DD677293C0286EEB0C60 /* OpacityCell.swift in Sources */,
				8402F4E624F932E70018149C /* IconButtonItemViewController.swift in Sources */,
				E85844B6881ACA2A4AD480885DC8B068 /* OpacityViewController.swift in Sources */,
				00CF8C7E79BD696D97099B654E925BE0 /* SampleItem.swift in Sources */,
				E061B6B85CEFBAE9AE8A8079DEF9E0A4 /* SampleSection.swift in Sources */,
				D30EE21E999567FD384CCE8B5D90FAC2 /* SizeCell.swift in Sources */,
				F73DA218B08455F09195D7D6F4990961 /* SizeViewController.swift in Sources */,
				8409B9312507B9E2006ED4EA /* CustomSplashViewController+GradientBackgroundView.swift in Sources */,
				0E0C618824C768B700AF8FBB /* AppBarDetailViewController.swift in Sources */,
				84E3B7C82502C88D0056FE57 /* CustomSplashViewController.swift in Sources */,
				06E258AB651CE4F232CAAA3A2D94807C /* SpacingCell.swift in Sources */,
				15CB9B603913EB682989F204523A1472 /* SpacingViewController.swift in Sources */,
				FD3C1A6EDAD5F31BC9E4984E981C28A8 /* TabItemViewController.swift in Sources */,
				B5D960A174519D837D9855D4B0A6711B /* TextFieldItemViewController.swift in Sources */,
				D2874BA3C6A03754EC9895DC95D6DFE5 /* TypographyCell.swift in Sources */,
				4FB74E3BCCB54EE2242A9A78778F6024 /* TypographyViewController.swift in Sources */,
				5A95C641E43BCD63CA21359C8EAFBA25 /* ValueTextHighlightItemViewController.swift in Sources */,
			);
			runOnlyForDeploymentPostprocessing = 0;
		};
/* End PBXSourcesBuildPhase section */

/* Begin PBXVariantGroup section */
		60F631F3D82A74E2CC246BA76661EF48 /* LaunchScreen.storyboard */ = {
			isa = PBXVariantGroup;
			children = (
				9A952C68A59714AAC3B9888C2904F969 /* Base */,
			);
			name = LaunchScreen.storyboard;
			sourceTree = "<group>";
		};
/* End PBXVariantGroup section */

/* Begin XCBuildConfiguration section */
		019A913675636B94392D5270062B2DCA /* Debug */ = {
			isa = XCBuildConfiguration;
			buildSettings = {
				ASSETCATALOG_COMPILER_APPICON_NAME = AppIcon;
				CODE_SIGN_IDENTITY = "iPhone Developer";
				CODE_SIGN_STYLE = Manual;
				CURRENT_PROJECT_VERSION = 6;
				DEVELOPMENT_TEAM = XUT82JX72R;
				INFOPLIST_FILE = "Sources/Supporting Files/Info.plist";
				LD_RUNPATH_SEARCH_PATHS = (
					"$(inherited)",
					"@executable_path/Frameworks",
				);
				MARKETING_VERSION = 2.0.0;
				PRODUCT_BUNDLE_IDENTIFIER = net.natura.NatDSSampleApp;
				PRODUCT_NAME = "$(TARGET_NAME)";
				PROVISIONING_PROFILE_SPECIFIER = "match Development net.natura.NatDSSampleApp";
				SWIFT_VERSION = 5.0;
				TARGETED_DEVICE_FAMILY = "1,2";
			};
			name = Debug;
		};
		0E35A4BBEAADEE7EBE43F80FCA435B73 /* Debug */ = {
			isa = XCBuildConfiguration;
			buildSettings = {
				ALWAYS_SEARCH_USER_PATHS = NO;
				CLANG_ANALYZER_NONNULL = YES;
				CLANG_ANALYZER_NUMBER_OBJECT_CONVERSION = YES_AGGRESSIVE;
				CLANG_CXX_LANGUAGE_STANDARD = "gnu++14";
				CLANG_CXX_LIBRARY = "libc++";
				CLANG_ENABLE_MODULES = YES;
				CLANG_ENABLE_OBJC_ARC = YES;
				CLANG_ENABLE_OBJC_WEAK = YES;
				CLANG_WARN_BLOCK_CAPTURE_AUTORELEASING = YES;
				CLANG_WARN_BOOL_CONVERSION = YES;
				CLANG_WARN_COMMA = YES;
				CLANG_WARN_CONSTANT_CONVERSION = YES;
				CLANG_WARN_DEPRECATED_OBJC_IMPLEMENTATIONS = YES;
				CLANG_WARN_DIRECT_OBJC_ISA_USAGE = YES_ERROR;
				CLANG_WARN_DOCUMENTATION_COMMENTS = YES;
				CLANG_WARN_EMPTY_BODY = YES;
				CLANG_WARN_ENUM_CONVERSION = YES;
				CLANG_WARN_INFINITE_RECURSION = YES;
				CLANG_WARN_INT_CONVERSION = YES;
				CLANG_WARN_NON_LITERAL_NULL_CONVERSION = YES;
				CLANG_WARN_OBJC_IMPLICIT_RETAIN_SELF = YES;
				CLANG_WARN_OBJC_LITERAL_CONVERSION = YES;
				CLANG_WARN_OBJC_ROOT_CLASS = YES_ERROR;
				CLANG_WARN_RANGE_LOOP_ANALYSIS = YES;
				CLANG_WARN_STRICT_PROTOTYPES = YES;
				CLANG_WARN_SUSPICIOUS_MOVE = YES;
				CLANG_WARN_UNGUARDED_AVAILABILITY = YES_AGGRESSIVE;
				CLANG_WARN_UNREACHABLE_CODE = YES;
				CLANG_WARN__DUPLICATE_METHOD_MATCH = YES;
				COPY_PHASE_STRIP = NO;
				DEBUG_INFORMATION_FORMAT = dwarf;
				ENABLE_STRICT_OBJC_MSGSEND = YES;
				ENABLE_TESTABILITY = YES;
				GCC_C_LANGUAGE_STANDARD = gnu11;
				GCC_DYNAMIC_NO_PIC = NO;
				GCC_NO_COMMON_BLOCKS = YES;
				GCC_OPTIMIZATION_LEVEL = 0;
				GCC_PREPROCESSOR_DEFINITIONS = (
					"DEBUG=1",
					"$(inherited)",
				);
				GCC_WARN_64_TO_32_BIT_CONVERSION = YES;
				GCC_WARN_ABOUT_RETURN_TYPE = YES_ERROR;
				GCC_WARN_UNDECLARED_SELECTOR = YES;
				GCC_WARN_UNINITIALIZED_AUTOS = YES_AGGRESSIVE;
				GCC_WARN_UNUSED_FUNCTION = YES;
				GCC_WARN_UNUSED_VARIABLE = YES;
				IPHONEOS_DEPLOYMENT_TARGET = 11.0;
				MTL_ENABLE_DEBUG_INFO = INCLUDE_SOURCE;
				MTL_FAST_MATH = YES;
				ONLY_ACTIVE_ARCH = YES;
				SDKROOT = iphoneos;
				SWIFT_ACTIVE_COMPILATION_CONDITIONS = DEBUG;
				SWIFT_OPTIMIZATION_LEVEL = "-Onone";
			};
			name = Debug;
		};
		83EBF8A9E3CFEB0CF5C7B433807B3EE6 /* Release */ = {
			isa = XCBuildConfiguration;
			buildSettings = {
				ALWAYS_SEARCH_USER_PATHS = NO;
				CLANG_ANALYZER_NONNULL = YES;
				CLANG_ANALYZER_NUMBER_OBJECT_CONVERSION = YES_AGGRESSIVE;
				CLANG_CXX_LANGUAGE_STANDARD = "gnu++14";
				CLANG_CXX_LIBRARY = "libc++";
				CLANG_ENABLE_MODULES = YES;
				CLANG_ENABLE_OBJC_ARC = YES;
				CLANG_ENABLE_OBJC_WEAK = YES;
				CLANG_WARN_BLOCK_CAPTURE_AUTORELEASING = YES;
				CLANG_WARN_BOOL_CONVERSION = YES;
				CLANG_WARN_COMMA = YES;
				CLANG_WARN_CONSTANT_CONVERSION = YES;
				CLANG_WARN_DEPRECATED_OBJC_IMPLEMENTATIONS = YES;
				CLANG_WARN_DIRECT_OBJC_ISA_USAGE = YES_ERROR;
				CLANG_WARN_DOCUMENTATION_COMMENTS = YES;
				CLANG_WARN_EMPTY_BODY = YES;
				CLANG_WARN_ENUM_CONVERSION = YES;
				CLANG_WARN_INFINITE_RECURSION = YES;
				CLANG_WARN_INT_CONVERSION = YES;
				CLANG_WARN_NON_LITERAL_NULL_CONVERSION = YES;
				CLANG_WARN_OBJC_IMPLICIT_RETAIN_SELF = YES;
				CLANG_WARN_OBJC_LITERAL_CONVERSION = YES;
				CLANG_WARN_OBJC_ROOT_CLASS = YES_ERROR;
				CLANG_WARN_RANGE_LOOP_ANALYSIS = YES;
				CLANG_WARN_STRICT_PROTOTYPES = YES;
				CLANG_WARN_SUSPICIOUS_MOVE = YES;
				CLANG_WARN_UNGUARDED_AVAILABILITY = YES_AGGRESSIVE;
				CLANG_WARN_UNREACHABLE_CODE = YES;
				CLANG_WARN__DUPLICATE_METHOD_MATCH = YES;
				COPY_PHASE_STRIP = NO;
				DEBUG_INFORMATION_FORMAT = "dwarf-with-dsym";
				ENABLE_NS_ASSERTIONS = NO;
				ENABLE_STRICT_OBJC_MSGSEND = YES;
				GCC_C_LANGUAGE_STANDARD = gnu11;
				GCC_NO_COMMON_BLOCKS = YES;
				GCC_WARN_64_TO_32_BIT_CONVERSION = YES;
				GCC_WARN_ABOUT_RETURN_TYPE = YES_ERROR;
				GCC_WARN_UNDECLARED_SELECTOR = YES;
				GCC_WARN_UNINITIALIZED_AUTOS = YES_AGGRESSIVE;
				GCC_WARN_UNUSED_FUNCTION = YES;
				GCC_WARN_UNUSED_VARIABLE = YES;
				IPHONEOS_DEPLOYMENT_TARGET = 11.0;
				MTL_ENABLE_DEBUG_INFO = NO;
				MTL_FAST_MATH = YES;
				SDKROOT = iphoneos;
				SWIFT_COMPILATION_MODE = wholemodule;
				SWIFT_OPTIMIZATION_LEVEL = "-O";
				VALIDATE_PRODUCT = YES;
			};
			name = Release;
		};
		D00D945FE925C86C6319D2CF4D40F044 /* Release */ = {
			isa = XCBuildConfiguration;
			buildSettings = {
				ASSETCATALOG_COMPILER_APPICON_NAME = AppIcon;
				CODE_SIGN_IDENTITY = "iPhone Distribution";
				CODE_SIGN_STYLE = Manual;
				CURRENT_PROJECT_VERSION = 6;
				DEVELOPMENT_TEAM = XUT82JX72R;
				INFOPLIST_FILE = "Sources/Supporting Files/Info.plist";
				LD_RUNPATH_SEARCH_PATHS = (
					"$(inherited)",
					"@executable_path/Frameworks",
				);
				MARKETING_VERSION = 2.0.0;
				PRODUCT_BUNDLE_IDENTIFIER = net.natura.NatDSSampleApp;
				PRODUCT_NAME = "$(TARGET_NAME)";
				PROVISIONING_PROFILE_SPECIFIER = "match AppStore net.natura.NatDSSampleApp";
				SWIFT_VERSION = 5.0;
				TARGETED_DEVICE_FAMILY = "1,2";
			};
			name = Release;
		};
/* End XCBuildConfiguration section */

/* Begin XCConfigurationList section */
		33A0F5AAFF5EBCAE91EB80224CDF3370 /* Build configuration list for PBXProject "NatDS-SampleApp" */ = {
			isa = XCConfigurationList;
			buildConfigurations = (
				0E35A4BBEAADEE7EBE43F80FCA435B73 /* Debug */,
				83EBF8A9E3CFEB0CF5C7B433807B3EE6 /* Release */,
			);
			defaultConfigurationIsVisible = 0;
			defaultConfigurationName = Release;
		};
		7D6EB1D13A33A47974DF145EA3BC839F /* Build configuration list for PBXNativeTarget "NatDS-SampleApp" */ = {
			isa = XCConfigurationList;
			buildConfigurations = (
				019A913675636B94392D5270062B2DCA /* Debug */,
				D00D945FE925C86C6319D2CF4D40F044 /* Release */,
			);
			defaultConfigurationIsVisible = 0;
			defaultConfigurationName = Release;
		};
/* End XCConfigurationList section */
	};
	rootObject = 2569B159210ED9B10CE36DF0B0369729 /* Project object */;
}
