// !$*UTF8*$!
{
	archiveVersion = 1;
	classes = {
	};
	objectVersion = 51;
	objects = {

/* Begin PBXBuildFile section */
		11518B682396C00700220570 /* NavigationDrawer.swift in Sources */ = {isa = PBXBuildFile; fileRef = 11518B662396BFAE00220570 /* NavigationDrawer.swift */; };
		11518B6C2396C4AB00220570 /* NavigationDrawerTests.swift in Sources */ = {isa = PBXBuildFile; fileRef = 11518B6B2396C4AB00220570 /* NavigationDrawerTests.swift */; };
		11581A9B238EC15E003E45D7 /* NavigationDrawerItemTests.swift in Sources */ = {isa = PBXBuildFile; fileRef = 11581A9A238EC15E003E45D7 /* NavigationDrawerItemTests.swift */; };
		11581A9D238EC256003E45D7 /* NavigationDrawerItem.swift in Sources */ = {isa = PBXBuildFile; fileRef = 11581A9C238EC256003E45D7 /* NavigationDrawerItem.swift */; };
		11581AA0238EFE7A003E45D7 /* Images.xcassets in Resources */ = {isa = PBXBuildFile; fileRef = 11581A9F238EFE7A003E45D7 /* Images.xcassets */; };
		11581AA3238F013A003E45D7 /* OutlinedIconsTests.swift in Sources */ = {isa = PBXBuildFile; fileRef = 11581AA2238F013A003E45D7 /* OutlinedIconsTests.swift */; };
		11581AA8238F037D003E45D7 /* AssetsHelperTests.swift in Sources */ = {isa = PBXBuildFile; fileRef = 11581AA7238F037D003E45D7 /* AssetsHelperTests.swift */; };
		11581AAA238F04D8003E45D7 /* AssetsHelper.swift in Sources */ = {isa = PBXBuildFile; fileRef = 11581AA9238F04D8003E45D7 /* AssetsHelper.swift */; };
		117FE015238D9AEB0032E2AC /* ColorsNaturaTests.swift in Sources */ = {isa = PBXBuildFile; fileRef = 117FE00F238D9AEB0032E2AC /* ColorsNaturaTests.swift */; };
		117FE016238D9AEB0032E2AC /* ColorsTests.swift in Sources */ = {isa = PBXBuildFile; fileRef = 117FE010238D9AEB0032E2AC /* ColorsTests.swift */; };
		117FE017238D9AEB0032E2AC /* FontsNaturaTests.swift in Sources */ = {isa = PBXBuildFile; fileRef = 117FE013238D9AEB0032E2AC /* FontsNaturaTests.swift */; };
		117FE018238D9AEB0032E2AC /* FontsTests.swift in Sources */ = {isa = PBXBuildFile; fileRef = 117FE014238D9AEB0032E2AC /* FontsTests.swift */; };
		117FE023238D9B070032E2AC /* ColorsNatura.swift in Sources */ = {isa = PBXBuildFile; fileRef = 117FE01D238D9B070032E2AC /* ColorsNatura.swift */; };
		117FE024238D9B070032E2AC /* Colors.swift in Sources */ = {isa = PBXBuildFile; fileRef = 117FE01E238D9B070032E2AC /* Colors.swift */; };
		117FE025238D9B070032E2AC /* FontsNatura.swift in Sources */ = {isa = PBXBuildFile; fileRef = 117FE021238D9B070032E2AC /* FontsNatura.swift */; };
		117FE026238D9B070032E2AC /* Fonts.swift in Sources */ = {isa = PBXBuildFile; fileRef = 117FE022238D9B070032E2AC /* Fonts.swift */; };
		117FE029238DA4B70032E2AC /* NavigationDrawerSubmenuItemTests.swift in Sources */ = {isa = PBXBuildFile; fileRef = 117FE028238DA4B70032E2AC /* NavigationDrawerSubmenuItemTests.swift */; };
		117FE02C238DA53E0032E2AC /* NavigationDrawerSubmenuItem.swift in Sources */ = {isa = PBXBuildFile; fileRef = 117FE02B238DA53E0032E2AC /* NavigationDrawerSubmenuItem.swift */; };
		11DEC636239181E2003CCF57 /* OutlinedIcons.swift in Sources */ = {isa = PBXBuildFile; fileRef = 11DEC635239181E2003CCF57 /* OutlinedIcons.swift */; };
		428277050E055F4A92D2A29F /* Pods_NatDSTests.framework in Frameworks */ = {isa = PBXBuildFile; fileRef = B496A6BAA901771980AF5E95 /* Pods_NatDSTests.framework */; };
		A988199B238C5AAF0008230F /* UIColor+hex.swift in Sources */ = {isa = PBXBuildFile; fileRef = A988199A238C5AAF0008230F /* UIColor+hex.swift */; };
		A9B71E8D237B559A00A2BF51 /* NatDS.framework in Frameworks */ = {isa = PBXBuildFile; fileRef = A9B71E83237B559A00A2BF51 /* NatDS.framework */; };
		A9B71E94237B559A00A2BF51 /* NatDS.h in Headers */ = {isa = PBXBuildFile; fileRef = A9B71E86237B559A00A2BF51 /* NatDS.h */; settings = {ATTRIBUTES = (Public, ); }; };
		A9D3454B238C69480013398C /* UIColor+hexTests.swift in Sources */ = {isa = PBXBuildFile; fileRef = A9D3454A238C69480013398C /* UIColor+hexTests.swift */; };
/* End PBXBuildFile section */

/* Begin PBXContainerItemProxy section */
		A9B71E8E237B559A00A2BF51 /* PBXContainerItemProxy */ = {
			isa = PBXContainerItemProxy;
			containerPortal = A9B71E7A237B559A00A2BF51 /* Project object */;
			proxyType = 1;
			remoteGlobalIDString = A9B71E82237B559A00A2BF51;
			remoteInfo = NatDS;
		};
/* End PBXContainerItemProxy section */

/* Begin PBXFileReference section */
		11518B662396BFAE00220570 /* NavigationDrawer.swift */ = {isa = PBXFileReference; lastKnownFileType = sourcecode.swift; path = NavigationDrawer.swift; sourceTree = "<group>"; };
		11518B6B2396C4AB00220570 /* NavigationDrawerTests.swift */ = {isa = PBXFileReference; lastKnownFileType = sourcecode.swift; path = NavigationDrawerTests.swift; sourceTree = "<group>"; };
		11581A9A238EC15E003E45D7 /* NavigationDrawerItemTests.swift */ = {isa = PBXFileReference; lastKnownFileType = sourcecode.swift; path = NavigationDrawerItemTests.swift; sourceTree = "<group>"; };
		11581A9C238EC256003E45D7 /* NavigationDrawerItem.swift */ = {isa = PBXFileReference; lastKnownFileType = sourcecode.swift; path = NavigationDrawerItem.swift; sourceTree = "<group>"; };
		11581A9F238EFE7A003E45D7 /* Images.xcassets */ = {isa = PBXFileReference; lastKnownFileType = folder.assetcatalog; path = Images.xcassets; sourceTree = "<group>"; };
		11581AA2238F013A003E45D7 /* OutlinedIconsTests.swift */ = {isa = PBXFileReference; lastKnownFileType = sourcecode.swift; path = OutlinedIconsTests.swift; sourceTree = "<group>"; };
		11581AA7238F037D003E45D7 /* AssetsHelperTests.swift */ = {isa = PBXFileReference; lastKnownFileType = sourcecode.swift; path = AssetsHelperTests.swift; sourceTree = "<group>"; };
		11581AA9238F04D8003E45D7 /* AssetsHelper.swift */ = {isa = PBXFileReference; lastKnownFileType = sourcecode.swift; path = AssetsHelper.swift; sourceTree = "<group>"; };
		117FE00F238D9AEB0032E2AC /* ColorsNaturaTests.swift */ = {isa = PBXFileReference; fileEncoding = 4; lastKnownFileType = sourcecode.swift; path = ColorsNaturaTests.swift; sourceTree = "<group>"; };
		117FE010238D9AEB0032E2AC /* ColorsTests.swift */ = {isa = PBXFileReference; fileEncoding = 4; lastKnownFileType = sourcecode.swift; path = ColorsTests.swift; sourceTree = "<group>"; };
		117FE013238D9AEB0032E2AC /* FontsNaturaTests.swift */ = {isa = PBXFileReference; fileEncoding = 4; lastKnownFileType = sourcecode.swift; path = FontsNaturaTests.swift; sourceTree = "<group>"; };
		117FE014238D9AEB0032E2AC /* FontsTests.swift */ = {isa = PBXFileReference; fileEncoding = 4; lastKnownFileType = sourcecode.swift; path = FontsTests.swift; sourceTree = "<group>"; };
		117FE01D238D9B070032E2AC /* ColorsNatura.swift */ = {isa = PBXFileReference; fileEncoding = 4; lastKnownFileType = sourcecode.swift; path = ColorsNatura.swift; sourceTree = "<group>"; };
		117FE01E238D9B070032E2AC /* Colors.swift */ = {isa = PBXFileReference; fileEncoding = 4; lastKnownFileType = sourcecode.swift; path = Colors.swift; sourceTree = "<group>"; };
		117FE021238D9B070032E2AC /* FontsNatura.swift */ = {isa = PBXFileReference; fileEncoding = 4; lastKnownFileType = sourcecode.swift; path = FontsNatura.swift; sourceTree = "<group>"; };
		117FE022238D9B070032E2AC /* Fonts.swift */ = {isa = PBXFileReference; fileEncoding = 4; lastKnownFileType = sourcecode.swift; path = Fonts.swift; sourceTree = "<group>"; };
		117FE028238DA4B70032E2AC /* NavigationDrawerSubmenuItemTests.swift */ = {isa = PBXFileReference; lastKnownFileType = sourcecode.swift; path = NavigationDrawerSubmenuItemTests.swift; sourceTree = "<group>"; };
		117FE02B238DA53E0032E2AC /* NavigationDrawerSubmenuItem.swift */ = {isa = PBXFileReference; lastKnownFileType = sourcecode.swift; path = NavigationDrawerSubmenuItem.swift; sourceTree = "<group>"; };
		11DEC635239181E2003CCF57 /* OutlinedIcons.swift */ = {isa = PBXFileReference; lastKnownFileType = sourcecode.swift; path = OutlinedIcons.swift; sourceTree = "<group>"; };
		9A46395C038D4497A880A6FF /* Pods-NatDSTests.release.xcconfig */ = {isa = PBXFileReference; includeInIndex = 1; lastKnownFileType = text.xcconfig; name = "Pods-NatDSTests.release.xcconfig"; path = "Target Support Files/Pods-NatDSTests/Pods-NatDSTests.release.xcconfig"; sourceTree = "<group>"; };
		A8B18363274C7A70CF4443A3 /* Pods-NatDSTests.debug.xcconfig */ = {isa = PBXFileReference; includeInIndex = 1; lastKnownFileType = text.xcconfig; name = "Pods-NatDSTests.debug.xcconfig"; path = "Target Support Files/Pods-NatDSTests/Pods-NatDSTests.debug.xcconfig"; sourceTree = "<group>"; };
		A988199A238C5AAF0008230F /* UIColor+hex.swift */ = {isa = PBXFileReference; lastKnownFileType = sourcecode.swift; path = "UIColor+hex.swift"; sourceTree = "<group>"; };
		A9B71E83237B559A00A2BF51 /* NatDS.framework */ = {isa = PBXFileReference; explicitFileType = wrapper.framework; includeInIndex = 0; path = NatDS.framework; sourceTree = BUILT_PRODUCTS_DIR; };
		A9B71E86237B559A00A2BF51 /* NatDS.h */ = {isa = PBXFileReference; lastKnownFileType = sourcecode.c.h; path = NatDS.h; sourceTree = "<group>"; };
		A9B71E87237B559A00A2BF51 /* Info.plist */ = {isa = PBXFileReference; lastKnownFileType = text.plist.xml; path = Info.plist; sourceTree = "<group>"; };
		A9B71E8C237B559A00A2BF51 /* NatDSTests.xctest */ = {isa = PBXFileReference; explicitFileType = wrapper.cfbundle; includeInIndex = 0; path = NatDSTests.xctest; sourceTree = BUILT_PRODUCTS_DIR; };
		A9B71E93237B559A00A2BF51 /* Info.plist */ = {isa = PBXFileReference; lastKnownFileType = text.plist.xml; path = Info.plist; sourceTree = "<group>"; };
		A9D3454A238C69480013398C /* UIColor+hexTests.swift */ = {isa = PBXFileReference; lastKnownFileType = sourcecode.swift; path = "UIColor+hexTests.swift"; sourceTree = "<group>"; };
		B496A6BAA901771980AF5E95 /* Pods_NatDSTests.framework */ = {isa = PBXFileReference; explicitFileType = wrapper.framework; includeInIndex = 0; path = Pods_NatDSTests.framework; sourceTree = BUILT_PRODUCTS_DIR; };
/* End PBXFileReference section */

/* Begin PBXFrameworksBuildPhase section */
		A9B71E80237B559A00A2BF51 /* Frameworks */ = {
			isa = PBXFrameworksBuildPhase;
			buildActionMask = 2147483647;
			files = (
			);
			runOnlyForDeploymentPostprocessing = 0;
		};
		A9B71E89237B559A00A2BF51 /* Frameworks */ = {
			isa = PBXFrameworksBuildPhase;
			buildActionMask = 2147483647;
			files = (
				A9B71E8D237B559A00A2BF51 /* NatDS.framework in Frameworks */,
				428277050E055F4A92D2A29F /* Pods_NatDSTests.framework in Frameworks */,
			);
			runOnlyForDeploymentPostprocessing = 0;
		};
/* End PBXFrameworksBuildPhase section */

/* Begin PBXGroup section */
		11581A9E238EFE43003E45D7 /* Resources */ = {
			isa = PBXGroup;
			children = (
				11581A9F238EFE7A003E45D7 /* Images.xcassets */,
			);
			path = Resources;
			sourceTree = "<group>";
		};
		11581AA1238F00EA003E45D7 /* Icons */ = {
			isa = PBXGroup;
			children = (
				11581AA2238F013A003E45D7 /* OutlinedIconsTests.swift */,
			);
			path = Icons;
			sourceTree = "<group>";
		};
		11581AA4238F030C003E45D7 /* Icons */ = {
			isa = PBXGroup;
			children = (
				11DEC635239181E2003CCF57 /* OutlinedIcons.swift */,
			);
			path = Icons;
			sourceTree = "<group>";
		};
		11581AA5238F0315003E45D7 /* Helpers */ = {
			isa = PBXGroup;
			children = (
				11581AA9238F04D8003E45D7 /* AssetsHelper.swift */,
			);
			path = Helpers;
			sourceTree = "<group>";
		};
		11581AA6238F0348003E45D7 /* Helpers */ = {
			isa = PBXGroup;
			children = (
				11581AA7238F037D003E45D7 /* AssetsHelperTests.swift */,
			);
			path = Helpers;
			sourceTree = "<group>";
		};
		117FE00C238D9AEB0032E2AC /* DesignTokens */ = {
			isa = PBXGroup;
			children = (
				117FE00D238D9AEB0032E2AC /* Colors */,
				117FE011238D9AEB0032E2AC /* Fonts */,
			);
			path = DesignTokens;
			sourceTree = "<group>";
		};
		117FE00D238D9AEB0032E2AC /* Colors */ = {
			isa = PBXGroup;
			children = (
				117FE00E238D9AEB0032E2AC /* Branding */,
				117FE010238D9AEB0032E2AC /* ColorsTests.swift */,
			);
			path = Colors;
			sourceTree = "<group>";
		};
		117FE00E238D9AEB0032E2AC /* Branding */ = {
			isa = PBXGroup;
			children = (
				117FE00F238D9AEB0032E2AC /* ColorsNaturaTests.swift */,
			);
			path = Branding;
			sourceTree = "<group>";
		};
		117FE011238D9AEB0032E2AC /* Fonts */ = {
			isa = PBXGroup;
			children = (
				117FE012238D9AEB0032E2AC /* Branding */,
				117FE014238D9AEB0032E2AC /* FontsTests.swift */,
			);
			path = Fonts;
			sourceTree = "<group>";
		};
		117FE012238D9AEB0032E2AC /* Branding */ = {
			isa = PBXGroup;
			children = (
				117FE013238D9AEB0032E2AC /* FontsNaturaTests.swift */,
			);
			path = Branding;
			sourceTree = "<group>";
		};
		117FE01A238D9B070032E2AC /* DesignTokens */ = {
			isa = PBXGroup;
			children = (
				117FE01B238D9B070032E2AC /* Colors */,
				117FE01F238D9B070032E2AC /* Fonts */,
			);
			path = DesignTokens;
			sourceTree = "<group>";
		};
		117FE01B238D9B070032E2AC /* Colors */ = {
			isa = PBXGroup;
			children = (
				117FE01C238D9B070032E2AC /* Branding */,
				117FE01E238D9B070032E2AC /* Colors.swift */,
			);
			path = Colors;
			sourceTree = "<group>";
		};
		117FE01C238D9B070032E2AC /* Branding */ = {
			isa = PBXGroup;
			children = (
				117FE01D238D9B070032E2AC /* ColorsNatura.swift */,
			);
			path = Branding;
			sourceTree = "<group>";
		};
		117FE01F238D9B070032E2AC /* Fonts */ = {
			isa = PBXGroup;
			children = (
				117FE020238D9B070032E2AC /* Branding */,
				117FE022238D9B070032E2AC /* Fonts.swift */,
			);
			path = Fonts;
			sourceTree = "<group>";
		};
		117FE020238D9B070032E2AC /* Branding */ = {
			isa = PBXGroup;
			children = (
				117FE021238D9B070032E2AC /* FontsNatura.swift */,
			);
			path = Branding;
			sourceTree = "<group>";
		};
		117FE027238DA4760032E2AC /* Components */ = {
			isa = PBXGroup;
			children = (
				11581AA1238F00EA003E45D7 /* Icons */,
				117FE02E238DD5540032E2AC /* NavigationDrawer */,
			);
			path = Components;
			sourceTree = "<group>";
		};
		117FE02A238DA52D0032E2AC /* Components */ = {
			isa = PBXGroup;
			children = (
				11581AA4238F030C003E45D7 /* Icons */,
				117FE02D238DD53D0032E2AC /* NavigationDrawer */,
			);
			path = Components;
			sourceTree = "<group>";
		};
		117FE02D238DD53D0032E2AC /* NavigationDrawer */ = {
			isa = PBXGroup;
			children = (
				117FE02B238DA53E0032E2AC /* NavigationDrawerSubmenuItem.swift */,
				11581A9C238EC256003E45D7 /* NavigationDrawerItem.swift */,
				11518B662396BFAE00220570 /* NavigationDrawer.swift */,
			);
			path = NavigationDrawer;
			sourceTree = "<group>";
		};
		117FE02E238DD5540032E2AC /* NavigationDrawer */ = {
			isa = PBXGroup;
			children = (
				117FE028238DA4B70032E2AC /* NavigationDrawerSubmenuItemTests.swift */,
				11581A9A238EC15E003E45D7 /* NavigationDrawerItemTests.swift */,
				11518B6B2396C4AB00220570 /* NavigationDrawerTests.swift */,
			);
			path = NavigationDrawer;
			sourceTree = "<group>";
		};
		7F7C949F669E1B554E52BEF2 /* Frameworks */ = {
			isa = PBXGroup;
			children = (
				B496A6BAA901771980AF5E95 /* Pods_NatDSTests.framework */,
			);
			name = Frameworks;
			sourceTree = "<group>";
		};
		A9881999238C5A8E0008230F /* Extensions */ = {
			isa = PBXGroup;
			children = (
				A988199A238C5AAF0008230F /* UIColor+hex.swift */,
			);
			path = Extensions;
			sourceTree = "<group>";
		};
		A988199D238C61780008230F /* Extensions */ = {
			isa = PBXGroup;
			children = (
				A9D3454A238C69480013398C /* UIColor+hexTests.swift */,
			);
			path = Extensions;
			sourceTree = "<group>";
		};
		A9B71E79237B559A00A2BF51 = {
			isa = PBXGroup;
			children = (
				A9B71E85237B559A00A2BF51 /* Sources */,
				A9B71E90237B559A00A2BF51 /* Tests */,
				A9B71E84237B559A00A2BF51 /* Products */,
				B59DC9FA54CA6649D4077030 /* Pods */,
				7F7C949F669E1B554E52BEF2 /* Frameworks */,
			);
			sourceTree = "<group>";
		};
		A9B71E84237B559A00A2BF51 /* Products */ = {
			isa = PBXGroup;
			children = (
				A9B71E83237B559A00A2BF51 /* NatDS.framework */,
				A9B71E8C237B559A00A2BF51 /* NatDSTests.xctest */,
			);
			name = Products;
			sourceTree = "<group>";
		};
		A9B71E85237B559A00A2BF51 /* Sources */ = {
			isa = PBXGroup;
			children = (
				11581AA5238F0315003E45D7 /* Helpers */,
				117FE02A238DA52D0032E2AC /* Components */,
				117FE01A238D9B070032E2AC /* DesignTokens */,
				A9881999238C5A8E0008230F /* Extensions */,
				A9B71E87237B559A00A2BF51 /* Info.plist */,
				A9B71E86237B559A00A2BF51 /* NatDS.h */,
				11581A9E238EFE43003E45D7 /* Resources */,
			);
			path = Sources;
			sourceTree = "<group>";
		};
		A9B71E90237B559A00A2BF51 /* Tests */ = {
			isa = PBXGroup;
			children = (
				11581AA6238F0348003E45D7 /* Helpers */,
				117FE027238DA4760032E2AC /* Components */,
				117FE00C238D9AEB0032E2AC /* DesignTokens */,
				A988199D238C61780008230F /* Extensions */,
				A9B71E93237B559A00A2BF51 /* Info.plist */,
			);
			path = Tests;
			sourceTree = "<group>";
		};
		B59DC9FA54CA6649D4077030 /* Pods */ = {
			isa = PBXGroup;
			children = (
				A8B18363274C7A70CF4443A3 /* Pods-NatDSTests.debug.xcconfig */,
				9A46395C038D4497A880A6FF /* Pods-NatDSTests.release.xcconfig */,
			);
			path = Pods;
			sourceTree = "<group>";
		};
/* End PBXGroup section */

/* Begin PBXHeadersBuildPhase section */
		A9B71E7E237B559A00A2BF51 /* Headers */ = {
			isa = PBXHeadersBuildPhase;
			buildActionMask = 2147483647;
			files = (
				A9B71E94237B559A00A2BF51 /* NatDS.h in Headers */,
			);
			runOnlyForDeploymentPostprocessing = 0;
		};
/* End PBXHeadersBuildPhase section */

/* Begin PBXNativeTarget section */
		A9B71E82237B559A00A2BF51 /* NatDS */ = {
			isa = PBXNativeTarget;
			buildConfigurationList = A9B71E97237B559A00A2BF51 /* Build configuration list for PBXNativeTarget "NatDS" */;
			buildPhases = (
				A96E7CCC2384560F005EB150 /* Run Lint */,
				A9B71E7E237B559A00A2BF51 /* Headers */,
				A9B71E7F237B559A00A2BF51 /* Sources */,
				A9B71E80237B559A00A2BF51 /* Frameworks */,
				A9B71E81237B559A00A2BF51 /* Resources */,
			);
			buildRules = (
			);
			dependencies = (
			);
			name = NatDS;
			productName = NatDS;
			productReference = A9B71E83237B559A00A2BF51 /* NatDS.framework */;
			productType = "com.apple.product-type.framework";
		};
		A9B71E8B237B559A00A2BF51 /* NatDSTests */ = {
			isa = PBXNativeTarget;
			buildConfigurationList = A9B71E9A237B559A00A2BF51 /* Build configuration list for PBXNativeTarget "NatDSTests" */;
			buildPhases = (
				D1D492AFE15FD9623B9DF90E /* [CP] Check Pods Manifest.lock */,
				A9B71E88237B559A00A2BF51 /* Sources */,
				A9B71E89237B559A00A2BF51 /* Frameworks */,
				A9B71E8A237B559A00A2BF51 /* Resources */,
				0A23701BD2E645213B9C6A69 /* [CP] Embed Pods Frameworks */,
			);
			buildRules = (
			);
			dependencies = (
				A9B71E8F237B559A00A2BF51 /* PBXTargetDependency */,
			);
			name = NatDSTests;
			productName = NatDSTests;
			productReference = A9B71E8C237B559A00A2BF51 /* NatDSTests.xctest */;
			productType = "com.apple.product-type.bundle.unit-test";
		};
/* End PBXNativeTarget section */

/* Begin PBXProject section */
		A9B71E7A237B559A00A2BF51 /* Project object */ = {
			isa = PBXProject;
			attributes = {
				LastUpgradeCheck = 1010;
				ORGANIZATIONNAME = Natura;
				TargetAttributes = {
					A9B71E82237B559A00A2BF51 = {
						CreatedOnToolsVersion = 10.1;
						LastSwiftMigration = 1110;
					};
					A9B71E8B237B559A00A2BF51 = {
						CreatedOnToolsVersion = 10.1;
						LastSwiftMigration = 1010;
					};
				};
			};
			buildConfigurationList = A9B71E7D237B559A00A2BF51 /* Build configuration list for PBXProject "NatDS" */;
			compatibilityVersion = "Xcode 9.3";
			developmentRegion = en;
			hasScannedForEncodings = 0;
			knownRegions = (
				en,
			);
			mainGroup = A9B71E79237B559A00A2BF51;
			productRefGroup = A9B71E84237B559A00A2BF51 /* Products */;
			projectDirPath = "";
			projectRoot = "";
			targets = (
				A9B71E82237B559A00A2BF51 /* NatDS */,
				A9B71E8B237B559A00A2BF51 /* NatDSTests */,
			);
		};
/* End PBXProject section */

/* Begin PBXResourcesBuildPhase section */
		A9B71E81237B559A00A2BF51 /* Resources */ = {
			isa = PBXResourcesBuildPhase;
			buildActionMask = 2147483647;
			files = (
				11581AA0238EFE7A003E45D7 /* Images.xcassets in Resources */,
			);
			runOnlyForDeploymentPostprocessing = 0;
		};
		A9B71E8A237B559A00A2BF51 /* Resources */ = {
			isa = PBXResourcesBuildPhase;
			buildActionMask = 2147483647;
			files = (
			);
			runOnlyForDeploymentPostprocessing = 0;
		};
/* End PBXResourcesBuildPhase section */

/* Begin PBXShellScriptBuildPhase section */
		0A23701BD2E645213B9C6A69 /* [CP] Embed Pods Frameworks */ = {
			isa = PBXShellScriptBuildPhase;
			buildActionMask = 2147483647;
			files = (
			);
			inputFileListPaths = (
				"${PODS_ROOT}/Target Support Files/Pods-NatDSTests/Pods-NatDSTests-frameworks-${CONFIGURATION}-input-files.xcfilelist",
			);
			name = "[CP] Embed Pods Frameworks";
			outputFileListPaths = (
				"${PODS_ROOT}/Target Support Files/Pods-NatDSTests/Pods-NatDSTests-frameworks-${CONFIGURATION}-output-files.xcfilelist",
			);
			runOnlyForDeploymentPostprocessing = 0;
			shellPath = /bin/sh;
			shellScript = "\"${PODS_ROOT}/Target Support Files/Pods-NatDSTests/Pods-NatDSTests-frameworks.sh\"\n";
			showEnvVarsInLog = 0;
		};
		A96E7CCC2384560F005EB150 /* Run Lint */ = {
			isa = PBXShellScriptBuildPhase;
			buildActionMask = 2147483647;
			files = (
			);
			inputFileListPaths = (
			);
			inputPaths = (
			);
			name = "Run Lint";
			outputFileListPaths = (
			);
			outputPaths = (
			);
			runOnlyForDeploymentPostprocessing = 0;
			shellPath = /bin/sh;
			shellScript = "if which swiftlint >/dev/null; then\n  swiftlint\nelse\n  echo \"warning: SwiftLint not installed, download from https://github.com/realm/SwiftLint\"\nfi\n";
		};
		D1D492AFE15FD9623B9DF90E /* [CP] Check Pods Manifest.lock */ = {
			isa = PBXShellScriptBuildPhase;
			buildActionMask = 2147483647;
			files = (
			);
			inputFileListPaths = (
			);
			inputPaths = (
				"${PODS_PODFILE_DIR_PATH}/Podfile.lock",
				"${PODS_ROOT}/Manifest.lock",
			);
			name = "[CP] Check Pods Manifest.lock";
			outputFileListPaths = (
			);
			outputPaths = (
				"$(DERIVED_FILE_DIR)/Pods-NatDSTests-checkManifestLockResult.txt",
			);
			runOnlyForDeploymentPostprocessing = 0;
			shellPath = /bin/sh;
			shellScript = "diff \"${PODS_PODFILE_DIR_PATH}/Podfile.lock\" \"${PODS_ROOT}/Manifest.lock\" > /dev/null\nif [ $? != 0 ] ; then\n    # print error to STDERR\n    echo \"error: The sandbox is not in sync with the Podfile.lock. Run 'pod install' or update your CocoaPods installation.\" >&2\n    exit 1\nfi\n# This output is used by Xcode 'outputs' to avoid re-running this script phase.\necho \"SUCCESS\" > \"${SCRIPT_OUTPUT_FILE_0}\"\n";
			showEnvVarsInLog = 0;
		};
/* End PBXShellScriptBuildPhase section */

/* Begin PBXSourcesBuildPhase section */
		A9B71E7F237B559A00A2BF51 /* Sources */ = {
			isa = PBXSourcesBuildPhase;
			buildActionMask = 2147483647;
			files = (
				11581AAA238F04D8003E45D7 /* AssetsHelper.swift in Sources */,
				11581A9D238EC256003E45D7 /* NavigationDrawerItem.swift in Sources */,
				117FE023238D9B070032E2AC /* ColorsNatura.swift in Sources */,
				117FE026238D9B070032E2AC /* Fonts.swift in Sources */,
				117FE025238D9B070032E2AC /* FontsNatura.swift in Sources */,
				11DEC636239181E2003CCF57 /* OutlinedIcons.swift in Sources */,
				11518B682396C00700220570 /* NavigationDrawer.swift in Sources */,
				117FE02C238DA53E0032E2AC /* NavigationDrawerSubmenuItem.swift in Sources */,
				117FE024238D9B070032E2AC /* Colors.swift in Sources */,
				A988199B238C5AAF0008230F /* UIColor+hex.swift in Sources */,
			);
			runOnlyForDeploymentPostprocessing = 0;
		};
		A9B71E88237B559A00A2BF51 /* Sources */ = {
			isa = PBXSourcesBuildPhase;
			buildActionMask = 2147483647;
			files = (
				117FE018238D9AEB0032E2AC /* FontsTests.swift in Sources */,
				11581A9B238EC15E003E45D7 /* NavigationDrawerItemTests.swift in Sources */,
				11518B6C2396C4AB00220570 /* NavigationDrawerTests.swift in Sources */,
				A9D3454B238C69480013398C /* UIColor+hexTests.swift in Sources */,
				117FE017238D9AEB0032E2AC /* FontsNaturaTests.swift in Sources */,
				117FE016238D9AEB0032E2AC /* ColorsTests.swift in Sources */,
				117FE029238DA4B70032E2AC /* NavigationDrawerSubmenuItemTests.swift in Sources */,
				11581AA8238F037D003E45D7 /* AssetsHelperTests.swift in Sources */,
				11581AA3238F013A003E45D7 /* OutlinedIconsTests.swift in Sources */,
				117FE015238D9AEB0032E2AC /* ColorsNaturaTests.swift in Sources */,
			);
			runOnlyForDeploymentPostprocessing = 0;
		};
/* End PBXSourcesBuildPhase section */

/* Begin PBXTargetDependency section */
		A9B71E8F237B559A00A2BF51 /* PBXTargetDependency */ = {
			isa = PBXTargetDependency;
			target = A9B71E82237B559A00A2BF51 /* NatDS */;
			targetProxy = A9B71E8E237B559A00A2BF51 /* PBXContainerItemProxy */;
		};
/* End PBXTargetDependency section */

/* Begin XCBuildConfiguration section */
		A9B71E95237B559A00A2BF51 /* Debug */ = {
			isa = XCBuildConfiguration;
			buildSettings = {
				ALWAYS_SEARCH_USER_PATHS = NO;
				CLANG_ANALYZER_NONNULL = YES;
				CLANG_ANALYZER_NUMBER_OBJECT_CONVERSION = YES_AGGRESSIVE;
				CLANG_CXX_LANGUAGE_STANDARD = "gnu++14";
				CLANG_CXX_LIBRARY = "libc++";
				CLANG_ENABLE_MODULES = YES;
				CLANG_ENABLE_OBJC_ARC = YES;
				CLANG_ENABLE_OBJC_WEAK = YES;
				CLANG_WARN_BLOCK_CAPTURE_AUTORELEASING = YES;
				CLANG_WARN_BOOL_CONVERSION = YES;
				CLANG_WARN_COMMA = YES;
				CLANG_WARN_CONSTANT_CONVERSION = YES;
				CLANG_WARN_DEPRECATED_OBJC_IMPLEMENTATIONS = YES;
				CLANG_WARN_DIRECT_OBJC_ISA_USAGE = YES_ERROR;
				CLANG_WARN_DOCUMENTATION_COMMENTS = YES;
				CLANG_WARN_EMPTY_BODY = YES;
				CLANG_WARN_ENUM_CONVERSION = YES;
				CLANG_WARN_INFINITE_RECURSION = YES;
				CLANG_WARN_INT_CONVERSION = YES;
				CLANG_WARN_NON_LITERAL_NULL_CONVERSION = YES;
				CLANG_WARN_OBJC_IMPLICIT_RETAIN_SELF = YES;
				CLANG_WARN_OBJC_LITERAL_CONVERSION = YES;
				CLANG_WARN_OBJC_ROOT_CLASS = YES_ERROR;
				CLANG_WARN_RANGE_LOOP_ANALYSIS = YES;
				CLANG_WARN_STRICT_PROTOTYPES = YES;
				CLANG_WARN_SUSPICIOUS_MOVE = YES;
				CLANG_WARN_UNGUARDED_AVAILABILITY = YES_AGGRESSIVE;
				CLANG_WARN_UNREACHABLE_CODE = YES;
				CLANG_WARN__DUPLICATE_METHOD_MATCH = YES;
				CODE_SIGN_IDENTITY = "iPhone Developer";
				COPY_PHASE_STRIP = NO;
				CURRENT_PROJECT_VERSION = 1;
				DEBUG_INFORMATION_FORMAT = dwarf;
				ENABLE_STRICT_OBJC_MSGSEND = YES;
				ENABLE_TESTABILITY = YES;
				GCC_C_LANGUAGE_STANDARD = gnu11;
				GCC_DYNAMIC_NO_PIC = NO;
				GCC_NO_COMMON_BLOCKS = YES;
				GCC_OPTIMIZATION_LEVEL = 0;
				GCC_PREPROCESSOR_DEFINITIONS = (
					"DEBUG=1",
					"$(inherited)",
				);
				GCC_WARN_64_TO_32_BIT_CONVERSION = YES;
				GCC_WARN_ABOUT_RETURN_TYPE = YES_ERROR;
				GCC_WARN_UNDECLARED_SELECTOR = YES;
				GCC_WARN_UNINITIALIZED_AUTOS = YES_AGGRESSIVE;
				GCC_WARN_UNUSED_FUNCTION = YES;
				GCC_WARN_UNUSED_VARIABLE = YES;
				IPHONEOS_DEPLOYMENT_TARGET = 9.0;
				MTL_ENABLE_DEBUG_INFO = INCLUDE_SOURCE;
				MTL_FAST_MATH = YES;
				ONLY_ACTIVE_ARCH = YES;
				SDKROOT = iphoneos;
				SWIFT_VERSION = 5.0;
				VERSIONING_SYSTEM = "apple-generic";
				VERSION_INFO_PREFIX = "";
			};
			name = Debug;
		};
		A9B71E96237B559A00A2BF51 /* Release */ = {
			isa = XCBuildConfiguration;
			buildSettings = {
				ALWAYS_SEARCH_USER_PATHS = NO;
				CLANG_ANALYZER_NONNULL = YES;
				CLANG_ANALYZER_NUMBER_OBJECT_CONVERSION = YES_AGGRESSIVE;
				CLANG_CXX_LANGUAGE_STANDARD = "gnu++14";
				CLANG_CXX_LIBRARY = "libc++";
				CLANG_ENABLE_MODULES = YES;
				CLANG_ENABLE_OBJC_ARC = YES;
				CLANG_ENABLE_OBJC_WEAK = YES;
				CLANG_WARN_BLOCK_CAPTURE_AUTORELEASING = YES;
				CLANG_WARN_BOOL_CONVERSION = YES;
				CLANG_WARN_COMMA = YES;
				CLANG_WARN_CONSTANT_CONVERSION = YES;
				CLANG_WARN_DEPRECATED_OBJC_IMPLEMENTATIONS = YES;
				CLANG_WARN_DIRECT_OBJC_ISA_USAGE = YES_ERROR;
				CLANG_WARN_DOCUMENTATION_COMMENTS = YES;
				CLANG_WARN_EMPTY_BODY = YES;
				CLANG_WARN_ENUM_CONVERSION = YES;
				CLANG_WARN_INFINITE_RECURSION = YES;
				CLANG_WARN_INT_CONVERSION = YES;
				CLANG_WARN_NON_LITERAL_NULL_CONVERSION = YES;
				CLANG_WARN_OBJC_IMPLICIT_RETAIN_SELF = YES;
				CLANG_WARN_OBJC_LITERAL_CONVERSION = YES;
				CLANG_WARN_OBJC_ROOT_CLASS = YES_ERROR;
				CLANG_WARN_RANGE_LOOP_ANALYSIS = YES;
				CLANG_WARN_STRICT_PROTOTYPES = YES;
				CLANG_WARN_SUSPICIOUS_MOVE = YES;
				CLANG_WARN_UNGUARDED_AVAILABILITY = YES_AGGRESSIVE;
				CLANG_WARN_UNREACHABLE_CODE = YES;
				CLANG_WARN__DUPLICATE_METHOD_MATCH = YES;
				CODE_SIGN_IDENTITY = "iPhone Developer";
				COPY_PHASE_STRIP = NO;
				CURRENT_PROJECT_VERSION = 1;
				DEBUG_INFORMATION_FORMAT = "dwarf-with-dsym";
				ENABLE_NS_ASSERTIONS = NO;
				ENABLE_STRICT_OBJC_MSGSEND = YES;
				GCC_C_LANGUAGE_STANDARD = gnu11;
				GCC_NO_COMMON_BLOCKS = YES;
				GCC_WARN_64_TO_32_BIT_CONVERSION = YES;
				GCC_WARN_ABOUT_RETURN_TYPE = YES_ERROR;
				GCC_WARN_UNDECLARED_SELECTOR = YES;
				GCC_WARN_UNINITIALIZED_AUTOS = YES_AGGRESSIVE;
				GCC_WARN_UNUSED_FUNCTION = YES;
				GCC_WARN_UNUSED_VARIABLE = YES;
				IPHONEOS_DEPLOYMENT_TARGET = 9.0;
				MTL_ENABLE_DEBUG_INFO = NO;
				MTL_FAST_MATH = YES;
				SDKROOT = iphoneos;
				SWIFT_VERSION = 5.0;
				VALIDATE_PRODUCT = YES;
				VERSIONING_SYSTEM = "apple-generic";
				VERSION_INFO_PREFIX = "";
			};
			name = Release;
		};
		A9B71E98237B559A00A2BF51 /* Debug */ = {
			isa = XCBuildConfiguration;
			buildSettings = {
				CLANG_ENABLE_MODULES = YES;
				CODE_SIGN_IDENTITY = "";
				CODE_SIGN_STYLE = Automatic;
				DEFINES_MODULE = YES;
				DEVELOPMENT_TEAM = "";
				DYLIB_COMPATIBILITY_VERSION = 1;
				DYLIB_CURRENT_VERSION = 1;
				DYLIB_INSTALL_NAME_BASE = "@rpath";
				INFOPLIST_FILE = Sources/Info.plist;
				INSTALL_PATH = "$(LOCAL_LIBRARY_DIR)/Frameworks";
				IPHONEOS_DEPLOYMENT_TARGET = 9.0;
				LD_RUNPATH_SEARCH_PATHS = (
					"$(inherited)",
					"@executable_path/Frameworks",
					"@loader_path/Frameworks",
				);
				PRODUCT_BUNDLE_IDENTIFIER = com.natura.NatDS;
				PRODUCT_NAME = "$(TARGET_NAME:c99extidentifier)";
				SKIP_INSTALL = YES;
				SWIFT_OPTIMIZATION_LEVEL = "-Onone";
				SWIFT_VERSION = 5.0;
				TARGETED_DEVICE_FAMILY = "1,2";
			};
			name = Debug;
		};
		A9B71E99237B559A00A2BF51 /* Release */ = {
			isa = XCBuildConfiguration;
			buildSettings = {
				CLANG_ENABLE_MODULES = YES;
				CODE_SIGN_IDENTITY = "";
				CODE_SIGN_STYLE = Automatic;
				DEFINES_MODULE = YES;
				DEVELOPMENT_TEAM = "";
				DYLIB_COMPATIBILITY_VERSION = 1;
				DYLIB_CURRENT_VERSION = 1;
				DYLIB_INSTALL_NAME_BASE = "@rpath";
				INFOPLIST_FILE = Sources/Info.plist;
				INSTALL_PATH = "$(LOCAL_LIBRARY_DIR)/Frameworks";
				IPHONEOS_DEPLOYMENT_TARGET = 9.0;
				LD_RUNPATH_SEARCH_PATHS = (
					"$(inherited)",
					"@executable_path/Frameworks",
					"@loader_path/Frameworks",
				);
				PRODUCT_BUNDLE_IDENTIFIER = com.natura.NatDS;
				PRODUCT_NAME = "$(TARGET_NAME:c99extidentifier)";
				SKIP_INSTALL = YES;
				SWIFT_VERSION = 5.0;
				TARGETED_DEVICE_FAMILY = "1,2";
			};
			name = Release;
		};
		A9B71E9B237B559A00A2BF51 /* Debug */ = {
			isa = XCBuildConfiguration;
			baseConfigurationReference = A8B18363274C7A70CF4443A3 /* Pods-NatDSTests.debug.xcconfig */;
			buildSettings = {
				ALWAYS_EMBED_SWIFT_STANDARD_LIBRARIES = "$(inherited)";
				CLANG_ENABLE_MODULES = YES;
				CODE_SIGN_STYLE = Automatic;
				DEVELOPMENT_TEAM = "";
				INFOPLIST_FILE = Tests/Info.plist;
				LD_RUNPATH_SEARCH_PATHS = (
					"$(inherited)",
					"@executable_path/Frameworks",
					"@loader_path/Frameworks",
				);
				PRODUCT_BUNDLE_IDENTIFIER = com.natura.NatDSTests;
				PRODUCT_NAME = "$(TARGET_NAME)";
				SWIFT_OBJC_BRIDGING_HEADER = "";
				SWIFT_OPTIMIZATION_LEVEL = "-Onone";
				SWIFT_VERSION = 5.0;
				TARGETED_DEVICE_FAMILY = "1,2";
			};
			name = Debug;
		};
		A9B71E9C237B559A00A2BF51 /* Release */ = {
			isa = XCBuildConfiguration;
			baseConfigurationReference = 9A46395C038D4497A880A6FF /* Pods-NatDSTests.release.xcconfig */;
			buildSettings = {
				ALWAYS_EMBED_SWIFT_STANDARD_LIBRARIES = "$(inherited)";
				CLANG_ENABLE_MODULES = YES;
				CODE_SIGN_STYLE = Automatic;
				DEVELOPMENT_TEAM = "";
				INFOPLIST_FILE = Tests/Info.plist;
				LD_RUNPATH_SEARCH_PATHS = (
					"$(inherited)",
					"@executable_path/Frameworks",
					"@loader_path/Frameworks",
				);
				PRODUCT_BUNDLE_IDENTIFIER = com.natura.NatDSTests;
				PRODUCT_NAME = "$(TARGET_NAME)";
				SWIFT_OBJC_BRIDGING_HEADER = "";
				SWIFT_VERSION = 5.0;
				TARGETED_DEVICE_FAMILY = "1,2";
			};
			name = Release;
		};
/* End XCBuildConfiguration section */

/* Begin XCConfigurationList section */
		A9B71E7D237B559A00A2BF51 /* Build configuration list for PBXProject "NatDS" */ = {
			isa = XCConfigurationList;
			buildConfigurations = (
				A9B71E95237B559A00A2BF51 /* Debug */,
				A9B71E96237B559A00A2BF51 /* Release */,
			);
			defaultConfigurationIsVisible = 0;
			defaultConfigurationName = Release;
		};
		A9B71E97237B559A00A2BF51 /* Build configuration list for PBXNativeTarget "NatDS" */ = {
			isa = XCConfigurationList;
			buildConfigurations = (
				A9B71E98237B559A00A2BF51 /* Debug */,
				A9B71E99237B559A00A2BF51 /* Release */,
			);
			defaultConfigurationIsVisible = 0;
			defaultConfigurationName = Release;
		};
		A9B71E9A237B559A00A2BF51 /* Build configuration list for PBXNativeTarget "NatDSTests" */ = {
			isa = XCConfigurationList;
			buildConfigurations = (
				A9B71E9B237B559A00A2BF51 /* Debug */,
				A9B71E9C237B559A00A2BF51 /* Release */,
			);
			defaultConfigurationIsVisible = 0;
			defaultConfigurationName = Release;
		};
/* End XCConfigurationList section */
	};
	rootObject = A9B71E7A237B559A00A2BF51 /* Project object */;
}
